<?xml version="1.0" encoding="UTF-8"?>
<!DOCTYPE plist PUBLIC "-//Apple//DTD PLIST 1.0//EN" "http://www.apple.com/DTDs/PropertyList-1.0.dtd">
<plist version="1.0">
<dict>
	<key>archiveVersion</key>
	<string>1</string>
	<key>classes</key>
	<dict/>
	<key>objectVersion</key>
	<string>46</string>
	<key>objects</key>
	<dict>
		<key>1D007F381B6C820400EA119C</key>
		<dict>
			<key>children</key>
			<array>
				<string>1D25EA601C8D89FD009AFE2E</string>
				<string>1D25EA5F1C8D89FB009AFE2E</string>
				<string>1D25EA5E1C8D89F9009AFE2E</string>
			</array>
			<key>isa</key>
			<string>PBXGroup</string>
			<key>path</key>
			<string>Weather</string>
			<key>sourceTree</key>
			<string>&lt;group&gt;</string>
		</dict>
		<key>1D007F391B6C823500EA119C</key>
		<dict>
			<key>fileEncoding</key>
			<string>4</string>
			<key>isa</key>
			<string>PBXFileReference</string>
			<key>lastKnownFileType</key>
			<string>sourcecode.c.h</string>
			<key>path</key>
			<string>SXWeatherView.h</string>
			<key>sourceTree</key>
			<string>&lt;group&gt;</string>
		</dict>
		<key>1D007F3A1B6C823500EA119C</key>
		<dict>
			<key>fileEncoding</key>
			<string>4</string>
			<key>isa</key>
			<string>PBXFileReference</string>
			<key>lastKnownFileType</key>
			<string>sourcecode.c.objc</string>
			<key>path</key>
			<string>SXWeatherView.m</string>
			<key>sourceTree</key>
			<string>&lt;group&gt;</string>
		</dict>
		<key>1D007F3B1B6C823500EA119C</key>
		<dict>
			<key>fileRef</key>
			<string>1D007F3A1B6C823500EA119C</string>
			<key>isa</key>
			<string>PBXBuildFile</string>
		</dict>
		<key>1D007F3C1B6C824D00EA119C</key>
		<dict>
			<key>fileEncoding</key>
			<string>4</string>
			<key>isa</key>
			<string>PBXFileReference</string>
			<key>lastKnownFileType</key>
			<string>file.xib</string>
			<key>path</key>
			<string>SXWeatherView.xib</string>
			<key>sourceTree</key>
			<string>&lt;group&gt;</string>
		</dict>
		<key>1D007F3D1B6C824D00EA119C</key>
		<dict>
			<key>fileRef</key>
			<string>1D007F3C1B6C824D00EA119C</string>
			<key>isa</key>
			<string>PBXBuildFile</string>
		</dict>
		<key>1D007F581B6D151D00EA119C</key>
		<dict>
			<key>fileEncoding</key>
			<string>4</string>
			<key>isa</key>
			<string>PBXFileReference</string>
			<key>lastKnownFileType</key>
			<string>sourcecode.c.h</string>
			<key>path</key>
			<string>SXWeatherEntity.h</string>
			<key>sourceTree</key>
			<string>&lt;group&gt;</string>
		</dict>
		<key>1D007F591B6D151D00EA119C</key>
		<dict>
			<key>fileEncoding</key>
			<string>4</string>
			<key>isa</key>
			<string>PBXFileReference</string>
			<key>lastKnownFileType</key>
			<string>sourcecode.c.objc</string>
			<key>path</key>
			<string>SXWeatherEntity.m</string>
			<key>sourceTree</key>
			<string>&lt;group&gt;</string>
		</dict>
		<key>1D007F5A1B6D151D00EA119C</key>
		<dict>
			<key>fileRef</key>
			<string>1D007F591B6D151D00EA119C</string>
			<key>isa</key>
			<string>PBXBuildFile</string>
		</dict>
		<key>1D007F5B1B6D155B00EA119C</key>
		<dict>
			<key>fileEncoding</key>
			<string>4</string>
			<key>isa</key>
			<string>PBXFileReference</string>
			<key>lastKnownFileType</key>
			<string>sourcecode.c.h</string>
			<key>path</key>
			<string>SXWeatherDetailEntity.h</string>
			<key>sourceTree</key>
			<string>&lt;group&gt;</string>
		</dict>
		<key>1D007F5C1B6D155B00EA119C</key>
		<dict>
			<key>fileEncoding</key>
			<string>4</string>
			<key>isa</key>
			<string>PBXFileReference</string>
			<key>lastKnownFileType</key>
			<string>sourcecode.c.objc</string>
			<key>path</key>
			<string>SXWeatherDetailEntity.m</string>
			<key>sourceTree</key>
			<string>&lt;group&gt;</string>
		</dict>
		<key>1D007F5D1B6D155B00EA119C</key>
		<dict>
			<key>fileRef</key>
			<string>1D007F5C1B6D155B00EA119C</string>
			<key>isa</key>
			<string>PBXBuildFile</string>
		</dict>
		<key>1D007F5E1B6D17B200EA119C</key>
		<dict>
			<key>fileEncoding</key>
			<string>4</string>
			<key>isa</key>
			<string>PBXFileReference</string>
			<key>lastKnownFileType</key>
			<string>sourcecode.c.h</string>
			<key>path</key>
			<string>SXWeatherBgEntity.h</string>
			<key>sourceTree</key>
			<string>&lt;group&gt;</string>
		</dict>
		<key>1D007F5F1B6D17B200EA119C</key>
		<dict>
			<key>fileEncoding</key>
			<string>4</string>
			<key>isa</key>
			<string>PBXFileReference</string>
			<key>lastKnownFileType</key>
			<string>sourcecode.c.objc</string>
			<key>path</key>
			<string>SXWeatherBgEntity.m</string>
			<key>sourceTree</key>
			<string>&lt;group&gt;</string>
		</dict>
		<key>1D007F601B6D17B200EA119C</key>
		<dict>
			<key>fileRef</key>
			<string>1D007F5F1B6D17B200EA119C</string>
			<key>isa</key>
			<string>PBXBuildFile</string>
		</dict>
		<key>1D0AC8241A73B6C000EEF963</key>
		<dict>
			<key>children</key>
			<array>
				<string>1D25EA5A1C8D89EC009AFE2E</string>
				<string>1D25EA591C8D89E9009AFE2E</string>
				<string>1D25EA581C8D89E0009AFE2E</string>
			</array>
			<key>isa</key>
			<string>PBXGroup</string>
			<key>path</key>
			<string>Detail</string>
			<key>sourceTree</key>
			<string>&lt;group&gt;</string>
		</dict>
		<key>1D0AC8271A73B6EF00EEF963</key>
		<dict>
			<key>fileEncoding</key>
			<string>4</string>
			<key>isa</key>
			<string>PBXFileReference</string>
			<key>lastKnownFileType</key>
			<string>sourcecode.c.h</string>
			<key>path</key>
			<string>SXNewsDetailEntity.h</string>
			<key>sourceTree</key>
			<string>&lt;group&gt;</string>
		</dict>
		<key>1D0AC8281A73B6EF00EEF963</key>
		<dict>
			<key>fileEncoding</key>
			<string>4</string>
			<key>isa</key>
			<string>PBXFileReference</string>
			<key>lastKnownFileType</key>
			<string>sourcecode.c.objc</string>
			<key>path</key>
			<string>SXNewsDetailEntity.m</string>
			<key>sourceTree</key>
			<string>&lt;group&gt;</string>
		</dict>
		<key>1D0AC8291A73B6EF00EEF963</key>
		<dict>
			<key>fileRef</key>
			<string>1D0AC8281A73B6EF00EEF963</string>
			<key>isa</key>
			<string>PBXBuildFile</string>
		</dict>
		<key>1D0AC82A1A73B8AE00EEF963</key>
		<dict>
			<key>fileEncoding</key>
			<string>4</string>
			<key>isa</key>
			<string>PBXFileReference</string>
			<key>lastKnownFileType</key>
			<string>sourcecode.c.h</string>
			<key>path</key>
			<string>SXDetailImgEntity.h</string>
			<key>sourceTree</key>
			<string>&lt;group&gt;</string>
		</dict>
		<key>1D0AC82B1A73B8AE00EEF963</key>
		<dict>
			<key>fileEncoding</key>
			<string>4</string>
			<key>isa</key>
			<string>PBXFileReference</string>
			<key>lastKnownFileType</key>
			<string>sourcecode.c.objc</string>
			<key>path</key>
			<string>SXDetailImgEntity.m</string>
			<key>sourceTree</key>
			<string>&lt;group&gt;</string>
		</dict>
		<key>1D0AC82C1A73B8AE00EEF963</key>
		<dict>
			<key>fileRef</key>
			<string>1D0AC82B1A73B8AE00EEF963</string>
			<key>isa</key>
			<string>PBXBuildFile</string>
		</dict>
		<key>1D0AC8301A73C66200EEF963</key>
		<dict>
			<key>fileEncoding</key>
			<string>4</string>
			<key>isa</key>
			<string>PBXFileReference</string>
			<key>lastKnownFileType</key>
			<string>sourcecode.c.h</string>
			<key>path</key>
			<string>SXDetailPage.h</string>
			<key>sourceTree</key>
			<string>&lt;group&gt;</string>
		</dict>
		<key>1D0AC8311A73C66200EEF963</key>
		<dict>
			<key>fileEncoding</key>
			<string>4</string>
			<key>isa</key>
			<string>PBXFileReference</string>
			<key>lastKnownFileType</key>
			<string>sourcecode.c.objc</string>
			<key>path</key>
			<string>SXDetailPage.m</string>
			<key>sourceTree</key>
			<string>&lt;group&gt;</string>
		</dict>
		<key>1D0AC8321A73C66200EEF963</key>
		<dict>
			<key>fileRef</key>
			<string>1D0AC8311A73C66200EEF963</string>
			<key>isa</key>
			<string>PBXBuildFile</string>
		</dict>
		<key>1D1C4A381B7604C700CE3E01</key>
		<dict>
			<key>fileEncoding</key>
			<string>4</string>
			<key>isa</key>
			<string>PBXFileReference</string>
			<key>lastKnownFileType</key>
			<string>sourcecode.c.h</string>
			<key>path</key>
			<string>SXWeatherDetailPage.h</string>
			<key>sourceTree</key>
			<string>&lt;group&gt;</string>
		</dict>
		<key>1D1C4A391B7604C700CE3E01</key>
		<dict>
			<key>fileEncoding</key>
			<string>4</string>
			<key>isa</key>
			<string>PBXFileReference</string>
			<key>lastKnownFileType</key>
			<string>sourcecode.c.objc</string>
			<key>path</key>
			<string>SXWeatherDetailPage.m</string>
			<key>sourceTree</key>
			<string>&lt;group&gt;</string>
		</dict>
		<key>1D1C4A3A1B7604C700CE3E01</key>
		<dict>
			<key>fileEncoding</key>
			<string>4</string>
			<key>isa</key>
			<string>PBXFileReference</string>
			<key>lastKnownFileType</key>
			<string>file.xib</string>
			<key>path</key>
			<string>SXWeatherDetailPage.xib</string>
			<key>sourceTree</key>
			<string>&lt;group&gt;</string>
		</dict>
		<key>1D1C4A3B1B7604C700CE3E01</key>
		<dict>
			<key>fileRef</key>
			<string>1D1C4A391B7604C700CE3E01</string>
			<key>isa</key>
			<string>PBXBuildFile</string>
		</dict>
		<key>1D1C4A3C1B7604C700CE3E01</key>
		<dict>
			<key>fileRef</key>
			<string>1D1C4A3A1B7604C700CE3E01</string>
			<key>isa</key>
			<string>PBXBuildFile</string>
		</dict>
		<key>1D1C4A441B77257300CE3E01</key>
		<dict>
			<key>fileEncoding</key>
			<string>4</string>
			<key>isa</key>
			<string>PBXFileReference</string>
			<key>lastKnownFileType</key>
			<string>sourcecode.c.h</string>
			<key>path</key>
			<string>SXWeatherItemView.h</string>
			<key>sourceTree</key>
			<string>&lt;group&gt;</string>
		</dict>
		<key>1D1C4A451B77257300CE3E01</key>
		<dict>
			<key>fileEncoding</key>
			<string>4</string>
			<key>isa</key>
			<string>PBXFileReference</string>
			<key>lastKnownFileType</key>
			<string>sourcecode.c.objc</string>
			<key>path</key>
			<string>SXWeatherItemView.m</string>
			<key>sourceTree</key>
			<string>&lt;group&gt;</string>
		</dict>
		<key>1D1C4A461B77257300CE3E01</key>
		<dict>
			<key>fileRef</key>
			<string>1D1C4A451B77257300CE3E01</string>
			<key>isa</key>
			<string>PBXBuildFile</string>
		</dict>
		<key>1D1C4A471B77259C00CE3E01</key>
		<dict>
			<key>fileEncoding</key>
			<string>4</string>
			<key>isa</key>
			<string>PBXFileReference</string>
			<key>lastKnownFileType</key>
			<string>file.xib</string>
			<key>path</key>
			<string>SXWeatherItemView.xib</string>
			<key>sourceTree</key>
			<string>&lt;group&gt;</string>
		</dict>
		<key>1D1C4A481B77259C00CE3E01</key>
		<dict>
			<key>fileRef</key>
			<string>1D1C4A471B77259C00CE3E01</string>
			<key>isa</key>
			<string>PBXBuildFile</string>
		</dict>
		<key>1D2021181B5A572700F38C4C</key>
		<dict>
			<key>fileEncoding</key>
			<string>4</string>
			<key>isa</key>
			<string>PBXFileReference</string>
			<key>lastKnownFileType</key>
			<string>sourcecode.c.h</string>
			<key>path</key>
			<string>SXBarButton.h</string>
			<key>sourceTree</key>
			<string>&lt;group&gt;</string>
		</dict>
		<key>1D2021191B5A572700F38C4C</key>
		<dict>
			<key>fileEncoding</key>
			<string>4</string>
			<key>isa</key>
			<string>PBXFileReference</string>
			<key>lastKnownFileType</key>
			<string>sourcecode.c.objc</string>
			<key>path</key>
			<string>SXBarButton.m</string>
			<key>sourceTree</key>
			<string>&lt;group&gt;</string>
		</dict>
		<key>1D20211A1B5A572700F38C4C</key>
		<dict>
			<key>fileEncoding</key>
			<string>4</string>
			<key>isa</key>
			<string>PBXFileReference</string>
			<key>lastKnownFileType</key>
			<string>sourcecode.c.h</string>
			<key>path</key>
			<string>SXMainTabBarController.h</string>
			<key>sourceTree</key>
			<string>&lt;group&gt;</string>
		</dict>
		<key>1D20211B1B5A572700F38C4C</key>
		<dict>
			<key>fileEncoding</key>
			<string>4</string>
			<key>isa</key>
			<string>PBXFileReference</string>
			<key>lastKnownFileType</key>
			<string>sourcecode.c.objc</string>
			<key>path</key>
			<string>SXMainTabBarController.m</string>
			<key>sourceTree</key>
			<string>&lt;group&gt;</string>
		</dict>
		<key>1D20211C1B5A572700F38C4C</key>
		<dict>
			<key>fileEncoding</key>
			<string>4</string>
			<key>isa</key>
			<string>PBXFileReference</string>
			<key>lastKnownFileType</key>
			<string>sourcecode.c.h</string>
			<key>path</key>
			<string>SXTabBar.h</string>
			<key>sourceTree</key>
			<string>&lt;group&gt;</string>
		</dict>
		<key>1D20211D1B5A572700F38C4C</key>
		<dict>
			<key>fileEncoding</key>
			<string>4</string>
			<key>isa</key>
			<string>PBXFileReference</string>
			<key>lastKnownFileType</key>
			<string>sourcecode.c.objc</string>
			<key>path</key>
			<string>SXTabBar.m</string>
			<key>sourceTree</key>
			<string>&lt;group&gt;</string>
		</dict>
		<key>1D20211E1B5A572700F38C4C</key>
		<dict>
			<key>fileRef</key>
			<string>1D2021191B5A572700F38C4C</string>
			<key>isa</key>
			<string>PBXBuildFile</string>
		</dict>
		<key>1D20211F1B5A572700F38C4C</key>
		<dict>
			<key>fileRef</key>
			<string>1D20211B1B5A572700F38C4C</string>
			<key>isa</key>
			<string>PBXBuildFile</string>
		</dict>
		<key>1D2021201B5A572700F38C4C</key>
		<dict>
			<key>fileRef</key>
			<string>1D20211D1B5A572700F38C4C</string>
			<key>isa</key>
			<string>PBXBuildFile</string>
		</dict>
		<key>1D23576B1A80A4A2000C7AAC</key>
		<dict>
			<key>children</key>
			<array>
				<string>1D2357751A80A4B2000C7AAC</string>
				<string>1D20211A1B5A572700F38C4C</string>
				<string>1D20211B1B5A572700F38C4C</string>
				<string>1D23576C1A80A4A2000C7AAC</string>
				<string>1D23576D1A80A4A2000C7AAC</string>
				<string>1D6BE3791A84B04600BF1AB7</string>
				<string>1D6BE37A1A84B04600BF1AB7</string>
				<string>1D2021181B5A572700F38C4C</string>
				<string>1D2021191B5A572700F38C4C</string>
				<string>1D20211C1B5A572700F38C4C</string>
				<string>1D20211D1B5A572700F38C4C</string>
				<string>1D2357701A80A4A2000C7AAC</string>
				<string>1D2357711A80A4A2000C7AAC</string>
			</array>
			<key>isa</key>
			<string>PBXGroup</string>
			<key>path</key>
			<string>Main</string>
			<key>sourceTree</key>
			<string>&lt;group&gt;</string>
		</dict>
		<key>1D23576C1A80A4A2000C7AAC</key>
		<dict>
			<key>fileEncoding</key>
			<string>4</string>
			<key>isa</key>
			<string>PBXFileReference</string>
			<key>lastKnownFileType</key>
			<string>sourcecode.c.h</string>
			<key>path</key>
			<string>SXMainViewController.h</string>
			<key>sourceTree</key>
			<string>&lt;group&gt;</string>
		</dict>
		<key>1D23576D1A80A4A2000C7AAC</key>
		<dict>
			<key>fileEncoding</key>
			<string>4</string>
			<key>isa</key>
			<string>PBXFileReference</string>
			<key>lastKnownFileType</key>
			<string>sourcecode.c.objc</string>
			<key>path</key>
			<string>SXMainViewController.m</string>
			<key>sourceTree</key>
			<string>&lt;group&gt;</string>
		</dict>
		<key>1D2357701A80A4A2000C7AAC</key>
		<dict>
			<key>fileEncoding</key>
			<string>4</string>
			<key>isa</key>
			<string>PBXFileReference</string>
			<key>lastKnownFileType</key>
			<string>sourcecode.c.h</string>
			<key>path</key>
			<string>SXTitleLable.h</string>
			<key>sourceTree</key>
			<string>&lt;group&gt;</string>
		</dict>
		<key>1D2357711A80A4A2000C7AAC</key>
		<dict>
			<key>fileEncoding</key>
			<string>4</string>
			<key>isa</key>
			<string>PBXFileReference</string>
			<key>lastKnownFileType</key>
			<string>sourcecode.c.objc</string>
			<key>path</key>
			<string>SXTitleLable.m</string>
			<key>sourceTree</key>
			<string>&lt;group&gt;</string>
		</dict>
		<key>1D2357721A80A4A2000C7AAC</key>
		<dict>
			<key>fileRef</key>
			<string>1D23576D1A80A4A2000C7AAC</string>
			<key>isa</key>
			<string>PBXBuildFile</string>
		</dict>
		<key>1D2357741A80A4A2000C7AAC</key>
		<dict>
			<key>fileRef</key>
			<string>1D2357711A80A4A2000C7AAC</string>
			<key>isa</key>
			<string>PBXBuildFile</string>
		</dict>
		<key>1D2357751A80A4B2000C7AAC</key>
		<dict>
			<key>fileEncoding</key>
			<string>4</string>
			<key>isa</key>
			<string>PBXFileReference</string>
			<key>lastKnownFileType</key>
			<string>file.storyboard</string>
			<key>path</key>
			<string>Main.storyboard</string>
			<key>sourceTree</key>
			<string>&lt;group&gt;</string>
		</dict>
		<key>1D2357761A80A4B2000C7AAC</key>
		<dict>
			<key>fileRef</key>
			<string>1D2357751A80A4B2000C7AAC</string>
			<key>isa</key>
			<string>PBXBuildFile</string>
		</dict>
		<key>1D25EA371C8D69E4009AFE2E</key>
		<dict>
			<key>children</key>
			<array>
				<string>1D25EA381C8D69E4009AFE2E</string>
				<string>1D25EA391C8D69E4009AFE2E</string>
				<string>1D25EA3A1C8D69E4009AFE2E</string>
				<string>1D25EA3B1C8D69E4009AFE2E</string>
				<string>1D25EA3C1C8D69E4009AFE2E</string>
				<string>1D25EA3D1C8D69E4009AFE2E</string>
				<string>1D25EA3E1C8D69E4009AFE2E</string>
				<string>1D25EA3F1C8D69E4009AFE2E</string>
				<string>1D25EA401C8D69E4009AFE2E</string>
				<string>1D25EA411C8D69E4009AFE2E</string>
				<string>1D25EA421C8D69E4009AFE2E</string>
				<string>1D25EA431C8D69E4009AFE2E</string>
				<string>1D25EA441C8D69E4009AFE2E</string>
			</array>
			<key>isa</key>
			<string>PBXGroup</string>
			<key>path</key>
			<string>Tools</string>
			<key>sourceTree</key>
			<string>&lt;group&gt;</string>
		</dict>
		<key>1D25EA381C8D69E4009AFE2E</key>
		<dict>
			<key>fileEncoding</key>
			<string>4</string>
			<key>isa</key>
			<string>PBXFileReference</string>
			<key>lastKnownFileType</key>
			<string>sourcecode.c.h</string>
			<key>path</key>
			<string>NSString+Base64.h</string>
			<key>sourceTree</key>
			<string>&lt;group&gt;</string>
		</dict>
		<key>1D25EA391C8D69E4009AFE2E</key>
		<dict>
			<key>fileEncoding</key>
			<string>4</string>
			<key>isa</key>
			<string>PBXFileReference</string>
			<key>lastKnownFileType</key>
			<string>sourcecode.c.objc</string>
			<key>path</key>
			<string>NSString+Base64.m</string>
			<key>sourceTree</key>
			<string>&lt;group&gt;</string>
		</dict>
		<key>1D25EA3A1C8D69E4009AFE2E</key>
		<dict>
			<key>fileEncoding</key>
			<string>4</string>
			<key>isa</key>
			<string>PBXFileReference</string>
			<key>lastKnownFileType</key>
			<string>sourcecode.c.h</string>
			<key>path</key>
			<string>SXAdManager.h</string>
			<key>sourceTree</key>
			<string>&lt;group&gt;</string>
		</dict>
		<key>1D25EA3B1C8D69E4009AFE2E</key>
		<dict>
			<key>fileEncoding</key>
			<string>4</string>
			<key>isa</key>
			<string>PBXFileReference</string>
			<key>lastKnownFileType</key>
			<string>sourcecode.c.objc</string>
			<key>path</key>
			<string>SXAdManager.m</string>
			<key>sourceTree</key>
			<string>&lt;group&gt;</string>
		</dict>
		<key>1D25EA3C1C8D69E4009AFE2E</key>
		<dict>
			<key>fileEncoding</key>
			<string>4</string>
			<key>isa</key>
			<string>PBXFileReference</string>
			<key>lastKnownFileType</key>
			<string>sourcecode.c.h</string>
			<key>path</key>
			<string>SXEasyMacro.h</string>
			<key>sourceTree</key>
			<string>&lt;group&gt;</string>
		</dict>
		<key>1D25EA3D1C8D69E4009AFE2E</key>
		<dict>
			<key>fileEncoding</key>
			<string>4</string>
			<key>isa</key>
			<string>PBXFileReference</string>
			<key>lastKnownFileType</key>
			<string>sourcecode.c.h</string>
			<key>path</key>
			<string>SXHTTPManager.h</string>
			<key>sourceTree</key>
			<string>&lt;group&gt;</string>
		</dict>
		<key>1D25EA3E1C8D69E4009AFE2E</key>
		<dict>
			<key>fileEncoding</key>
			<string>4</string>
			<key>isa</key>
			<string>PBXFileReference</string>
			<key>lastKnownFileType</key>
			<string>sourcecode.c.objc</string>
			<key>path</key>
			<string>SXHTTPManager.m</string>
			<key>sourceTree</key>
			<string>&lt;group&gt;</string>
		</dict>
		<key>1D25EA3F1C8D69E4009AFE2E</key>
		<dict>
			<key>fileEncoding</key>
			<string>4</string>
			<key>isa</key>
			<string>PBXFileReference</string>
			<key>lastKnownFileType</key>
			<string>sourcecode.c.h</string>
			<key>path</key>
			<string>SXNetworkTools.h</string>
			<key>sourceTree</key>
			<string>&lt;group&gt;</string>
		</dict>
		<key>1D25EA401C8D69E4009AFE2E</key>
		<dict>
			<key>fileEncoding</key>
			<string>4</string>
			<key>isa</key>
			<string>PBXFileReference</string>
			<key>lastKnownFileType</key>
			<string>sourcecode.c.objc</string>
			<key>path</key>
			<string>SXNetworkTools.m</string>
			<key>sourceTree</key>
			<string>&lt;group&gt;</string>
		</dict>
		<key>1D25EA411C8D69E4009AFE2E</key>
		<dict>
			<key>fileEncoding</key>
			<string>4</string>
			<key>isa</key>
			<string>PBXFileReference</string>
			<key>lastKnownFileType</key>
			<string>sourcecode.c.h</string>
			<key>path</key>
			<string>UILabel+Wonderful.h</string>
			<key>sourceTree</key>
			<string>&lt;group&gt;</string>
		</dict>
		<key>1D25EA421C8D69E4009AFE2E</key>
		<dict>
			<key>fileEncoding</key>
			<string>4</string>
			<key>isa</key>
			<string>PBXFileReference</string>
			<key>lastKnownFileType</key>
			<string>sourcecode.c.objc</string>
			<key>path</key>
			<string>UILabel+Wonderful.m</string>
			<key>sourceTree</key>
			<string>&lt;group&gt;</string>
		</dict>
		<key>1D25EA431C8D69E4009AFE2E</key>
		<dict>
			<key>fileEncoding</key>
			<string>4</string>
			<key>isa</key>
			<string>PBXFileReference</string>
			<key>lastKnownFileType</key>
			<string>sourcecode.c.h</string>
			<key>path</key>
			<string>UIView+Frame.h</string>
			<key>sourceTree</key>
			<string>&lt;group&gt;</string>
		</dict>
		<key>1D25EA441C8D69E4009AFE2E</key>
		<dict>
			<key>fileEncoding</key>
			<string>4</string>
			<key>isa</key>
			<string>PBXFileReference</string>
			<key>lastKnownFileType</key>
			<string>sourcecode.c.objc</string>
			<key>path</key>
			<string>UIView+Frame.m</string>
			<key>sourceTree</key>
			<string>&lt;group&gt;</string>
		</dict>
		<key>1D25EA451C8D69E4009AFE2E</key>
		<dict>
			<key>fileRef</key>
			<string>1D25EA391C8D69E4009AFE2E</string>
			<key>isa</key>
			<string>PBXBuildFile</string>
		</dict>
		<key>1D25EA461C8D69E4009AFE2E</key>
		<dict>
			<key>fileRef</key>
			<string>1D25EA3B1C8D69E4009AFE2E</string>
			<key>isa</key>
			<string>PBXBuildFile</string>
		</dict>
		<key>1D25EA471C8D69E4009AFE2E</key>
		<dict>
			<key>fileRef</key>
			<string>1D25EA3E1C8D69E4009AFE2E</string>
			<key>isa</key>
			<string>PBXBuildFile</string>
		</dict>
		<key>1D25EA481C8D69E4009AFE2E</key>
		<dict>
			<key>fileRef</key>
			<string>1D25EA401C8D69E4009AFE2E</string>
			<key>isa</key>
			<string>PBXBuildFile</string>
		</dict>
		<key>1D25EA491C8D69E4009AFE2E</key>
		<dict>
			<key>fileRef</key>
			<string>1D25EA421C8D69E4009AFE2E</string>
			<key>isa</key>
			<string>PBXBuildFile</string>
		</dict>
		<key>1D25EA4A1C8D69E4009AFE2E</key>
		<dict>
			<key>fileRef</key>
			<string>1D25EA441C8D69E4009AFE2E</string>
			<key>isa</key>
			<string>PBXBuildFile</string>
		</dict>
		<key>1D25EA4B1C8D69EE009AFE2E</key>
		<dict>
			<key>children</key>
			<array>
				<string>1D2A59151A700822001F9B8E</string>
				<string>1D2A59171A700822001F9B8E</string>
				<string>1D25EA4C1C8D69EE009AFE2E</string>
				<string>1D25EA4D1C8D69EE009AFE2E</string>
				<string>1D25EA4E1C8D69EE009AFE2E</string>
				<string>1D25EA4F1C8D69EE009AFE2E</string>
				<string>1D25EA501C8D69EE009AFE2E</string>
			</array>
			<key>isa</key>
			<string>PBXGroup</string>
			<key>path</key>
			<string>Other</string>
			<key>sourceTree</key>
			<string>&lt;group&gt;</string>
		</dict>
		<key>1D25EA4C1C8D69EE009AFE2E</key>
		<dict>
			<key>fileEncoding</key>
			<string>4</string>
			<key>isa</key>
			<string>PBXFileReference</string>
			<key>lastKnownFileType</key>
			<string>sourcecode.c.h</string>
			<key>path</key>
			<string>MJExtensionConfig.h</string>
			<key>sourceTree</key>
			<string>&lt;group&gt;</string>
		</dict>
		<key>1D25EA4D1C8D69EE009AFE2E</key>
		<dict>
			<key>fileEncoding</key>
			<string>4</string>
			<key>isa</key>
			<string>PBXFileReference</string>
			<key>lastKnownFileType</key>
			<string>sourcecode.c.objc</string>
			<key>path</key>
			<string>MJExtensionConfig.m</string>
			<key>sourceTree</key>
			<string>&lt;group&gt;</string>
		</dict>
		<key>1D25EA4E1C8D69EE009AFE2E</key>
		<dict>
			<key>fileEncoding</key>
			<string>4</string>
			<key>isa</key>
			<string>PBXFileReference</string>
			<key>lastKnownFileType</key>
			<string>text.css</string>
			<key>path</key>
			<string>SXDetails.css</string>
			<key>sourceTree</key>
			<string>&lt;group&gt;</string>
		</dict>
		<key>1D25EA4F1C8D69EE009AFE2E</key>
		<dict>
			<key>fileEncoding</key>
			<string>4</string>
			<key>isa</key>
			<string>PBXFileReference</string>
			<key>lastKnownFileType</key>
			<string>sourcecode.c.h</string>
			<key>path</key>
			<string>ViewController.h</string>
			<key>sourceTree</key>
			<string>&lt;group&gt;</string>
		</dict>
		<key>1D25EA501C8D69EE009AFE2E</key>
		<dict>
			<key>fileEncoding</key>
			<string>4</string>
			<key>isa</key>
			<string>PBXFileReference</string>
			<key>lastKnownFileType</key>
			<string>sourcecode.c.objc</string>
			<key>path</key>
			<string>ViewController.m</string>
			<key>sourceTree</key>
			<string>&lt;group&gt;</string>
		</dict>
		<key>1D25EA511C8D69EE009AFE2E</key>
		<dict>
			<key>fileRef</key>
			<string>1D25EA4D1C8D69EE009AFE2E</string>
			<key>isa</key>
			<string>PBXBuildFile</string>
		</dict>
		<key>1D25EA521C8D69EE009AFE2E</key>
		<dict>
			<key>fileRef</key>
			<string>1D25EA4E1C8D69EE009AFE2E</string>
			<key>isa</key>
			<string>PBXBuildFile</string>
		</dict>
		<key>1D25EA531C8D69EE009AFE2E</key>
		<dict>
			<key>fileRef</key>
			<string>1D25EA501C8D69EE009AFE2E</string>
			<key>isa</key>
			<string>PBXBuildFile</string>
		</dict>
		<key>1D25EA541C8D89AB009AFE2E</key>
		<dict>
			<key>children</key>
			<array>
				<string>1D25EA641C8E7DB4009AFE2E</string>
				<string>1D25EA651C8E7DB4009AFE2E</string>
			</array>
			<key>isa</key>
			<string>PBXGroup</string>
			<key>name</key>
			<string>ViewModel</string>
			<key>sourceTree</key>
			<string>&lt;group&gt;</string>
		</dict>
		<key>1D25EA561C8D89B7009AFE2E</key>
		<dict>
			<key>children</key>
			<array>
				<string>1DE822A51C586A2500E965C1</string>
				<string>1DE822A61C586A2500E965C1</string>
			</array>
			<key>isa</key>
			<string>PBXGroup</string>
			<key>name</key>
			<string>Entity</string>
			<key>sourceTree</key>
			<string>&lt;group&gt;</string>
		</dict>
		<key>1D25EA571C8D89BA009AFE2E</key>
		<dict>
			<key>children</key>
			<array>
				<string>1D577F451C57719F00B547B8</string>
				<string>1D577F461C57719F00B547B8</string>
				<string>1DE822A81C5875CC00E965C1</string>
				<string>1DE822A91C5875CC00E965C1</string>
				<string>1DE822AA1C5875CC00E965C1</string>
			</array>
			<key>isa</key>
			<string>PBXGroup</string>
			<key>name</key>
			<string>Page</string>
			<key>sourceTree</key>
			<string>&lt;group&gt;</string>
		</dict>
		<key>1D25EA581C8D89E0009AFE2E</key>
		<dict>
			<key>children</key>
			<array>
				<string>1D25EA671C8E7DE8009AFE2E</string>
				<string>1D25EA681C8E7DE8009AFE2E</string>
			</array>
			<key>isa</key>
			<string>PBXGroup</string>
			<key>name</key>
			<string>ViewModel</string>
			<key>sourceTree</key>
			<string>&lt;group&gt;</string>
		</dict>
		<key>1D25EA591C8D89E9009AFE2E</key>
		<dict>
			<key>children</key>
			<array>
				<string>1D0AC8271A73B6EF00EEF963</string>
				<string>1D0AC8281A73B6EF00EEF963</string>
				<string>1D0AC82A1A73B8AE00EEF963</string>
				<string>1D0AC82B1A73B8AE00EEF963</string>
				<string>1DE822BE1C60577900E965C1</string>
				<string>1DE822BF1C60577900E965C1</string>
			</array>
			<key>isa</key>
			<string>PBXGroup</string>
			<key>name</key>
			<string>Entity</string>
			<key>sourceTree</key>
			<string>&lt;group&gt;</string>
		</dict>
		<key>1D25EA5A1C8D89EC009AFE2E</key>
		<dict>
			<key>children</key>
			<array>
				<string>1D0AC8301A73C66200EEF963</string>
				<string>1D0AC8311A73C66200EEF963</string>
				<string>1DE822B61C5B5C4A00E965C1</string>
				<string>1DE822B71C5B5C4A00E965C1</string>
				<string>1DE822B81C5B5C4A00E965C1</string>
			</array>
			<key>isa</key>
			<string>PBXGroup</string>
			<key>name</key>
			<string>Page</string>
			<key>sourceTree</key>
			<string>&lt;group&gt;</string>
		</dict>
		<key>1D25EA5B1C8D89F1009AFE2E</key>
		<dict>
			<key>children</key>
			<array>
				<string>1D25EA6A1C8E7E18009AFE2E</string>
				<string>1D25EA6B1C8E7E18009AFE2E</string>
			</array>
			<key>isa</key>
			<string>PBXGroup</string>
			<key>name</key>
			<string>ViewModel</string>
			<key>sourceTree</key>
			<string>&lt;group&gt;</string>
		</dict>
		<key>1D25EA5C1C8D89F3009AFE2E</key>
		<dict>
			<key>children</key>
			<array>
				<string>1D882E371A811392004C9C9A</string>
				<string>1D882E381A811392004C9C9A</string>
				<string>1D882E3A1A81151C004C9C9A</string>
				<string>1D882E3B1A81151C004C9C9A</string>
			</array>
			<key>isa</key>
			<string>PBXGroup</string>
			<key>name</key>
			<string>Entity</string>
			<key>sourceTree</key>
			<string>&lt;group&gt;</string>
		</dict>
		<key>1D25EA5D1C8D89F6009AFE2E</key>
		<dict>
			<key>children</key>
			<array>
				<string>1D882E541A811E1D004C9C9A</string>
				<string>1D882E551A811E1D004C9C9A</string>
			</array>
			<key>isa</key>
			<string>PBXGroup</string>
			<key>name</key>
			<string>Page</string>
			<key>sourceTree</key>
			<string>&lt;group&gt;</string>
		</dict>
		<key>1D25EA5E1C8D89F9009AFE2E</key>
		<dict>
			<key>children</key>
			<array>
				<string>1D25EA6D1C8E7E33009AFE2E</string>
				<string>1D25EA6E1C8E7E33009AFE2E</string>
			</array>
			<key>isa</key>
			<string>PBXGroup</string>
			<key>name</key>
			<string>ViewModel</string>
			<key>sourceTree</key>
			<string>&lt;group&gt;</string>
		</dict>
		<key>1D25EA5F1C8D89FB009AFE2E</key>
		<dict>
			<key>children</key>
			<array>
				<string>1D007F581B6D151D00EA119C</string>
				<string>1D007F591B6D151D00EA119C</string>
				<string>1D007F5B1B6D155B00EA119C</string>
				<string>1D007F5C1B6D155B00EA119C</string>
				<string>1D007F5E1B6D17B200EA119C</string>
				<string>1D007F5F1B6D17B200EA119C</string>
			</array>
			<key>isa</key>
			<string>PBXGroup</string>
			<key>name</key>
			<string>Entity</string>
			<key>sourceTree</key>
			<string>&lt;group&gt;</string>
		</dict>
		<key>1D25EA601C8D89FD009AFE2E</key>
		<dict>
			<key>children</key>
			<array>
				<string>1D1C4A381B7604C700CE3E01</string>
				<string>1D1C4A391B7604C700CE3E01</string>
				<string>1D1C4A3A1B7604C700CE3E01</string>
				<string>1D007F391B6C823500EA119C</string>
				<string>1D007F3A1B6C823500EA119C</string>
				<string>1D007F3C1B6C824D00EA119C</string>
				<string>1D1C4A441B77257300CE3E01</string>
				<string>1D1C4A451B77257300CE3E01</string>
				<string>1D1C4A471B77259C00CE3E01</string>
			</array>
			<key>isa</key>
			<string>PBXGroup</string>
			<key>name</key>
			<string>Page</string>
			<key>sourceTree</key>
			<string>&lt;group&gt;</string>
		</dict>
		<key>1D25EA611C8D8A09009AFE2E</key>
		<dict>
			<key>children</key>
			<array>
				<string>1D25EA701C8E7E4A009AFE2E</string>
				<string>1D25EA711C8E7E4A009AFE2E</string>
			</array>
			<key>isa</key>
			<string>PBXGroup</string>
			<key>name</key>
			<string>ViewModel</string>
			<key>sourceTree</key>
			<string>&lt;group&gt;</string>
		</dict>
		<key>1D25EA621C8D8A0C009AFE2E</key>
		<dict>
			<key>children</key>
			<array>
				<string>1D58EEC61A70924A00411E39</string>
				<string>1D58EEC71A70924A00411E39</string>
			</array>
			<key>isa</key>
			<string>PBXGroup</string>
			<key>name</key>
			<string>Entity</string>
			<key>sourceTree</key>
			<string>&lt;group&gt;</string>
		</dict>
		<key>1D25EA631C8D8A0E009AFE2E</key>
		<dict>
			<key>children</key>
			<array>
				<string>1D58EEC91A709AE600411E39</string>
				<string>1D58EECE1A70A42100411E39</string>
				<string>1D58EECF1A70A42100411E39</string>
				<string>1D58EECB1A709E0300411E39</string>
				<string>1D58EECC1A709E0300411E39</string>
			</array>
			<key>isa</key>
			<string>PBXGroup</string>
			<key>name</key>
			<string>Page</string>
			<key>sourceTree</key>
			<string>&lt;group&gt;</string>
		</dict>
		<key>1D25EA641C8E7DB4009AFE2E</key>
		<dict>
			<key>fileEncoding</key>
			<string>4</string>
			<key>isa</key>
			<string>PBXFileReference</string>
			<key>lastKnownFileType</key>
			<string>sourcecode.c.h</string>
			<key>path</key>
			<string>SXSearchViewModel.h</string>
			<key>sourceTree</key>
			<string>&lt;group&gt;</string>
		</dict>
		<key>1D25EA651C8E7DB4009AFE2E</key>
		<dict>
			<key>fileEncoding</key>
			<string>4</string>
			<key>isa</key>
			<string>PBXFileReference</string>
			<key>lastKnownFileType</key>
			<string>sourcecode.c.objc</string>
			<key>path</key>
			<string>SXSearchViewModel.m</string>
			<key>sourceTree</key>
			<string>&lt;group&gt;</string>
		</dict>
		<key>1D25EA661C8E7DB4009AFE2E</key>
		<dict>
			<key>fileRef</key>
			<string>1D25EA651C8E7DB4009AFE2E</string>
			<key>isa</key>
			<string>PBXBuildFile</string>
		</dict>
		<key>1D25EA671C8E7DE8009AFE2E</key>
		<dict>
			<key>fileEncoding</key>
			<string>4</string>
			<key>isa</key>
			<string>PBXFileReference</string>
			<key>lastKnownFileType</key>
			<string>sourcecode.c.h</string>
			<key>path</key>
			<string>SXNewsDetailViewModel.h</string>
			<key>sourceTree</key>
			<string>&lt;group&gt;</string>
		</dict>
		<key>1D25EA681C8E7DE8009AFE2E</key>
		<dict>
			<key>fileEncoding</key>
			<string>4</string>
			<key>isa</key>
			<string>PBXFileReference</string>
			<key>lastKnownFileType</key>
			<string>sourcecode.c.objc</string>
			<key>path</key>
			<string>SXNewsDetailViewModel.m</string>
			<key>sourceTree</key>
			<string>&lt;group&gt;</string>
		</dict>
		<key>1D25EA691C8E7DE8009AFE2E</key>
		<dict>
			<key>fileRef</key>
			<string>1D25EA681C8E7DE8009AFE2E</string>
			<key>isa</key>
			<string>PBXBuildFile</string>
		</dict>
		<key>1D25EA6A1C8E7E18009AFE2E</key>
		<dict>
			<key>fileEncoding</key>
			<string>4</string>
			<key>isa</key>
			<string>PBXFileReference</string>
			<key>lastKnownFileType</key>
			<string>sourcecode.c.h</string>
			<key>path</key>
			<string>SXPhotoSetViewModel.h</string>
			<key>sourceTree</key>
			<string>&lt;group&gt;</string>
		</dict>
		<key>1D25EA6B1C8E7E18009AFE2E</key>
		<dict>
			<key>fileEncoding</key>
			<string>4</string>
			<key>isa</key>
			<string>PBXFileReference</string>
			<key>lastKnownFileType</key>
			<string>sourcecode.c.objc</string>
			<key>path</key>
			<string>SXPhotoSetViewModel.m</string>
			<key>sourceTree</key>
			<string>&lt;group&gt;</string>
		</dict>
		<key>1D25EA6C1C8E7E18009AFE2E</key>
		<dict>
			<key>fileRef</key>
			<string>1D25EA6B1C8E7E18009AFE2E</string>
			<key>isa</key>
			<string>PBXBuildFile</string>
		</dict>
		<key>1D25EA6D1C8E7E33009AFE2E</key>
		<dict>
			<key>fileEncoding</key>
			<string>4</string>
			<key>isa</key>
			<string>PBXFileReference</string>
			<key>lastKnownFileType</key>
			<string>sourcecode.c.h</string>
			<key>path</key>
			<string>SXWeatherViewModel.h</string>
			<key>sourceTree</key>
			<string>&lt;group&gt;</string>
		</dict>
		<key>1D25EA6E1C8E7E33009AFE2E</key>
		<dict>
			<key>fileEncoding</key>
			<string>4</string>
			<key>isa</key>
			<string>PBXFileReference</string>
			<key>lastKnownFileType</key>
			<string>sourcecode.c.objc</string>
			<key>path</key>
			<string>SXWeatherViewModel.m</string>
			<key>sourceTree</key>
			<string>&lt;group&gt;</string>
		</dict>
		<key>1D25EA6F1C8E7E33009AFE2E</key>
		<dict>
			<key>fileRef</key>
			<string>1D25EA6E1C8E7E33009AFE2E</string>
			<key>isa</key>
			<string>PBXBuildFile</string>
		</dict>
		<key>1D25EA701C8E7E4A009AFE2E</key>
		<dict>
			<key>fileEncoding</key>
			<string>4</string>
			<key>isa</key>
			<string>PBXFileReference</string>
			<key>lastKnownFileType</key>
			<string>sourcecode.c.h</string>
			<key>path</key>
			<string>SXNewsViewModel.h</string>
			<key>sourceTree</key>
			<string>&lt;group&gt;</string>
		</dict>
		<key>1D25EA711C8E7E4A009AFE2E</key>
		<dict>
			<key>fileEncoding</key>
			<string>4</string>
			<key>isa</key>
			<string>PBXFileReference</string>
			<key>lastKnownFileType</key>
			<string>sourcecode.c.objc</string>
			<key>path</key>
			<string>SXNewsViewModel.m</string>
			<key>sourceTree</key>
			<string>&lt;group&gt;</string>
		</dict>
		<key>1D25EA721C8E7E4A009AFE2E</key>
		<dict>
			<key>fileRef</key>
			<string>1D25EA711C8E7E4A009AFE2E</string>
			<key>isa</key>
			<string>PBXBuildFile</string>
		</dict>
		<key>1D2A58FC1A700822001F9B8E</key>
		<dict>
			<key>children</key>
			<array>
				<string>1DA8BABB1C522E5F00D041C5</string>
				<string>1DA8BAB91C522E5600D041C5</string>
				<string>1DA8BAC01C55C4C100D041C5</string>
				<string>1DA8BAB71C522E3200D041C5</string>
				<string>1DA8BAB51C522E2800D041C5</string>
				<string>1DA8BAB31C522E1F00D041C5</string>
				<string>1D2A59071A700822001F9B8E</string>
				<string>1D2A59211A700822001F9B8E</string>
				<string>1D2A59061A700822001F9B8E</string>
				<string>EEEF37AE8C8D6C38EF605425</string>
				<string>5B53F839A6ADAEE2DD77CFC4</string>
			</array>
			<key>isa</key>
			<string>PBXGroup</string>
			<key>sourceTree</key>
			<string>&lt;group&gt;</string>
		</dict>
		<key>1D2A58FD1A700822001F9B8E</key>
		<dict>
			<key>attributes</key>
			<dict>
				<key>CLASSPREFIX</key>
				<string>SX</string>
				<key>LastUpgradeCheck</key>
				<string>0600</string>
				<key>ORGANIZATIONNAME</key>
				<string>ShangxianDante</string>
				<key>TargetAttributes</key>
				<dict>
					<key>1D2A59041A700822001F9B8E</key>
					<dict>
						<key>CreatedOnToolsVersion</key>
						<string>6.0.1</string>
					</dict>
					<key>1D2A591D1A700822001F9B8E</key>
					<dict>
						<key>CreatedOnToolsVersion</key>
						<string>6.0.1</string>
						<key>TestTargetID</key>
						<string>1D2A59041A700822001F9B8E</string>
					</dict>
				</dict>
			</dict>
			<key>buildConfigurationList</key>
			<string>1D2A59001A700822001F9B8E</string>
			<key>compatibilityVersion</key>
			<string>Xcode 3.2</string>
			<key>developmentRegion</key>
			<string>English</string>
			<key>hasScannedForEncodings</key>
			<string>0</string>
			<key>isa</key>
			<string>PBXProject</string>
			<key>knownRegions</key>
			<array>
				<string>en</string>
				<string>Base</string>
			</array>
			<key>mainGroup</key>
			<string>1D2A58FC1A700822001F9B8E</string>
			<key>productRefGroup</key>
			<string>1D2A59061A700822001F9B8E</string>
			<key>projectDirPath</key>
			<string></string>
			<key>projectReferences</key>
			<array/>
			<key>projectRoot</key>
			<string></string>
			<key>targets</key>
			<array>
				<string>1D2A59041A700822001F9B8E</string>
				<string>1D2A591D1A700822001F9B8E</string>
			</array>
		</dict>
		<key>1D2A59001A700822001F9B8E</key>
		<dict>
			<key>buildConfigurations</key>
			<array>
				<string>1D2A59261A700822001F9B8E</string>
				<string>1D2A59271A700822001F9B8E</string>
			</array>
			<key>defaultConfigurationIsVisible</key>
			<string>0</string>
			<key>defaultConfigurationName</key>
			<string>Release</string>
			<key>isa</key>
			<string>XCConfigurationList</string>
		</dict>
		<key>1D2A59011A700822001F9B8E</key>
		<dict>
			<key>buildActionMask</key>
			<string>2147483647</string>
			<key>files</key>
			<array>
				<string>1D25EA531C8D69EE009AFE2E</string>
				<string>1D25EA511C8D69EE009AFE2E</string>
				<string>1D7DFD281CA0F3280084EC5B</string>
				<string>1DE822C01C60577900E965C1</string>
				<string>1D007F601B6D17B200EA119C</string>
				<string>1D6BE37B1A84B04600BF1AB7</string>
				<string>1D882E3C1A81151C004C9C9A</string>
				<string>1D25EA6F1C8E7E33009AFE2E</string>
				<string>1D58EED01A70A42100411E39</string>
				<string>1DE822AB1C5875CC00E965C1</string>
				<string>1D0AC8291A73B6EF00EEF963</string>
				<string>1D7DFD261CA0F3280084EC5B</string>
				<string>1D7DFD2E1CA0F3890084EC5B</string>
				<string>1D7DFD251CA0F3280084EC5B</string>
				<string>1D007F5A1B6D151D00EA119C</string>
				<string>1D25EA4A1C8D69E4009AFE2E</string>
				<string>1D0AC8321A73C66200EEF963</string>
				<string>1D1C4A461B77257300CE3E01</string>
				<string>1D007F5D1B6D155B00EA119C</string>
				<string>1D58EEC81A70924A00411E39</string>
				<string>1D25EA481C8D69E4009AFE2E</string>
				<string>1D25EA661C8E7DB4009AFE2E</string>
				<string>1D882E391A811392004C9C9A</string>
				<string>1D25EA691C8E7DE8009AFE2E</string>
				<string>1D20211F1B5A572700F38C4C</string>
				<string>1D25EA6C1C8E7E18009AFE2E</string>
				<string>1D25EA491C8D69E4009AFE2E</string>
				<string>1D577F471C57719F00B547B8</string>
				<string>1D007F3B1B6C823500EA119C</string>
				<string>1D1C4A3B1B7604C700CE3E01</string>
				<string>1D2021201B5A572700F38C4C</string>
				<string>1D2357721A80A4A2000C7AAC</string>
				<string>1D882E561A811E1D004C9C9A</string>
				<string>1D7DFD241CA0F3280084EC5B</string>
				<string>1D25EA721C8E7E4A009AFE2E</string>
				<string>1D0AC82C1A73B8AE00EEF963</string>
				<string>1D20211E1B5A572700F38C4C</string>
				<string>1D2357741A80A4A2000C7AAC</string>
				<string>1D2A590E1A700822001F9B8E</string>
				<string>1DE822B91C5B5C4A00E965C1</string>
				<string>1D58EECD1A709E0300411E39</string>
				<string>1D2A590B1A700822001F9B8E</string>
				<string>1DE822A71C586A2500E965C1</string>
				<string>1D25EA451C8D69E4009AFE2E</string>
				<string>1D25EA471C8D69E4009AFE2E</string>
				<string>1D25EA461C8D69E4009AFE2E</string>
			</array>
			<key>isa</key>
			<string>PBXSourcesBuildPhase</string>
			<key>runOnlyForDeploymentPostprocessing</key>
			<string>0</string>
		</dict>
		<key>1D2A59021A700822001F9B8E</key>
		<dict>
			<key>buildActionMask</key>
			<string>2147483647</string>
			<key>files</key>
			<array>
				<string>1DA8BAC11C55C4C100D041C5</string>
				<string>1DA8BABC1C522E5F00D041C5</string>
				<string>1DA8BABA1C522E5600D041C5</string>
				<string>1DA8BAB81C522E3200D041C5</string>
				<string>1DA8BAB61C522E2800D041C5</string>
				<string>1DA8BAB41C522E1F00D041C5</string>
				<string>F0DDDD02AEE0CDD79909EB55</string>
			</array>
			<key>isa</key>
			<string>PBXFrameworksBuildPhase</string>
			<key>runOnlyForDeploymentPostprocessing</key>
			<string>0</string>
		</dict>
		<key>1D2A59031A700822001F9B8E</key>
		<dict>
			<key>buildActionMask</key>
			<string>2147483647</string>
			<key>files</key>
			<array>
				<string>1D2A59191A700822001F9B8E</string>
				<string>1D1C4A3C1B7604C700CE3E01</string>
				<string>1DE822AC1C5875CC00E965C1</string>
				<string>1D2A59161A700822001F9B8E</string>
				<string>1D58EED81A70C18000411E39</string>
				<string>1D7B9F4F1B5E1EC000774BDA</string>
				<string>1DE822BA1C5B5C4A00E965C1</string>
				<string>1D2357761A80A4B2000C7AAC</string>
				<string>1D1C4A481B77259C00CE3E01</string>
				<string>1D25EA521C8D69EE009AFE2E</string>
				<string>1D58EECA1A709AE600411E39</string>
				<string>1D007F3D1B6C824D00EA119C</string>
				<string>1D7DFD271CA0F3280084EC5B</string>
			</array>
			<key>isa</key>
			<string>PBXResourcesBuildPhase</string>
			<key>runOnlyForDeploymentPostprocessing</key>
			<string>0</string>
		</dict>
		<key>1D2A59041A700822001F9B8E</key>
		<dict>
			<key>buildConfigurationList</key>
			<string>1D2A59281A700822001F9B8E</string>
			<key>buildPhases</key>
			<array>
				<string>6CFC6A70CF0F7D180240C9A4</string>
				<string>1D2A59011A700822001F9B8E</string>
				<string>1D2A59021A700822001F9B8E</string>
				<string>1D2A59031A700822001F9B8E</string>
				<string>2B089D27273B5CF55F0A1135</string>
				<string>5E30CA20ABC1958463CAE4EC</string>
			</array>
			<key>buildRules</key>
			<array/>
			<key>dependencies</key>
			<array/>
			<key>isa</key>
			<string>PBXNativeTarget</string>
			<key>name</key>
			<string>81 - &#32593;&#26131;&#26032;&#38395;</string>
			<key>productName</key>
			<string>81 - &#32593;&#26131;&#26032;&#38395;</string>
			<key>productReference</key>
			<string>1D2A59051A700822001F9B8E</string>
			<key>productType</key>
			<string>com.apple.product-type.application</string>
		</dict>
		<key>1D2A59051A700822001F9B8E</key>
		<dict>
			<key>explicitFileType</key>
			<string>wrapper.application</string>
			<key>includeInIndex</key>
			<string>0</string>
			<key>isa</key>
			<string>PBXFileReference</string>
			<key>path</key>
			<string>81 - &#32593;&#26131;&#26032;&#38395;.app</string>
			<key>sourceTree</key>
			<string>BUILT_PRODUCTS_DIR</string>
		</dict>
		<key>1D2A59061A700822001F9B8E</key>
		<dict>
			<key>children</key>
			<array>
				<string>1D2A59051A700822001F9B8E</string>
				<string>1D2A591E1A700822001F9B8E</string>
			</array>
			<key>isa</key>
			<string>PBXGroup</string>
			<key>name</key>
			<string>Products</string>
			<key>sourceTree</key>
			<string>&lt;group&gt;</string>
		</dict>
		<key>1D2A59071A700822001F9B8E</key>
		<dict>
			<key>children</key>
			<array>
				<string>1D577F441C57717E00B547B8</string>
				<string>1D0AC8241A73B6C000EEF963</string>
				<string>1D882E361A8112ED004C9C9A</string>
				<string>1D007F381B6C820400EA119C</string>
				<string>1D2A597E1A700864001F9B8E</string>
				<string>1D7DFD1A1CA0F3280084EC5B</string>
				<string>1D23576B1A80A4A2000C7AAC</string>
				<string>1D25EA371C8D69E4009AFE2E</string>
				<string>1D25EA4B1C8D69EE009AFE2E</string>
				<string>1D2A590C1A700822001F9B8E</string>
				<string>1D2A590D1A700822001F9B8E</string>
				<string>1DA8BABD1C522EEE00D041C5</string>
				<string>1D2A59081A700822001F9B8E</string>
			</array>
			<key>isa</key>
			<string>PBXGroup</string>
			<key>path</key>
			<string>81 - &#32593;&#26131;&#26032;&#38395;</string>
			<key>sourceTree</key>
			<string>&lt;group&gt;</string>
		</dict>
		<key>1D2A59081A700822001F9B8E</key>
		<dict>
			<key>children</key>
			<array>
				<string>1D7B9F4E1B5E1EC000774BDA</string>
				<string>1D58EED71A70C18000411E39</string>
				<string>1D2A59091A700822001F9B8E</string>
				<string>1D2A590A1A700822001F9B8E</string>
			</array>
			<key>isa</key>
			<string>PBXGroup</string>
			<key>name</key>
			<string>Supporting Files</string>
			<key>sourceTree</key>
			<string>&lt;group&gt;</string>
		</dict>
		<key>1D2A59091A700822001F9B8E</key>
		<dict>
			<key>isa</key>
			<string>PBXFileReference</string>
			<key>lastKnownFileType</key>
			<string>text.plist.xml</string>
			<key>path</key>
			<string>Info.plist</string>
			<key>sourceTree</key>
			<string>&lt;group&gt;</string>
		</dict>
		<key>1D2A590A1A700822001F9B8E</key>
		<dict>
			<key>isa</key>
			<string>PBXFileReference</string>
			<key>lastKnownFileType</key>
			<string>sourcecode.c.objc</string>
			<key>path</key>
			<string>main.m</string>
			<key>sourceTree</key>
			<string>&lt;group&gt;</string>
		</dict>
		<key>1D2A590B1A700822001F9B8E</key>
		<dict>
			<key>fileRef</key>
			<string>1D2A590A1A700822001F9B8E</string>
			<key>isa</key>
			<string>PBXBuildFile</string>
		</dict>
		<key>1D2A590C1A700822001F9B8E</key>
		<dict>
			<key>isa</key>
			<string>PBXFileReference</string>
			<key>lastKnownFileType</key>
			<string>sourcecode.c.h</string>
			<key>path</key>
			<string>AppDelegate.h</string>
			<key>sourceTree</key>
			<string>&lt;group&gt;</string>
		</dict>
		<key>1D2A590D1A700822001F9B8E</key>
		<dict>
			<key>isa</key>
			<string>PBXFileReference</string>
			<key>lastKnownFileType</key>
			<string>sourcecode.c.objc</string>
			<key>path</key>
			<string>AppDelegate.m</string>
			<key>sourceTree</key>
			<string>&lt;group&gt;</string>
		</dict>
		<key>1D2A590E1A700822001F9B8E</key>
		<dict>
			<key>fileRef</key>
			<string>1D2A590D1A700822001F9B8E</string>
			<key>isa</key>
			<string>PBXBuildFile</string>
		</dict>
		<key>1D2A59151A700822001F9B8E</key>
		<dict>
			<key>isa</key>
			<string>PBXFileReference</string>
			<key>lastKnownFileType</key>
			<string>folder.assetcatalog</string>
			<key>name</key>
			<string>Images.xcassets</string>
			<key>path</key>
			<string>../Images.xcassets</string>
			<key>sourceTree</key>
			<string>&lt;group&gt;</string>
		</dict>
		<key>1D2A59161A700822001F9B8E</key>
		<dict>
			<key>fileRef</key>
			<string>1D2A59151A700822001F9B8E</string>
			<key>isa</key>
			<string>PBXBuildFile</string>
		</dict>
		<key>1D2A59171A700822001F9B8E</key>
		<dict>
			<key>children</key>
			<array>
				<string>1D2A59181A700822001F9B8E</string>
			</array>
			<key>isa</key>
			<string>PBXVariantGroup</string>
			<key>name</key>
			<string>LaunchScreen.xib</string>
			<key>path</key>
			<string>..</string>
			<key>sourceTree</key>
			<string>&lt;group&gt;</string>
		</dict>
		<key>1D2A59181A700822001F9B8E</key>
		<dict>
			<key>isa</key>
			<string>PBXFileReference</string>
			<key>lastKnownFileType</key>
			<string>file.xib</string>
			<key>name</key>
			<string>Base</string>
			<key>path</key>
			<string>Base.lproj/LaunchScreen.xib</string>
			<key>sourceTree</key>
			<string>&lt;group&gt;</string>
		</dict>
		<key>1D2A59191A700822001F9B8E</key>
		<dict>
			<key>fileRef</key>
			<string>1D2A59171A700822001F9B8E</string>
			<key>isa</key>
			<string>PBXBuildFile</string>
		</dict>
		<key>1D2A591A1A700822001F9B8E</key>
		<dict>
			<key>buildActionMask</key>
			<string>2147483647</string>
			<key>files</key>
			<array>
				<string>1D2A59251A700822001F9B8E</string>
			</array>
			<key>isa</key>
			<string>PBXSourcesBuildPhase</string>
			<key>runOnlyForDeploymentPostprocessing</key>
			<string>0</string>
		</dict>
		<key>1D2A591B1A700822001F9B8E</key>
		<dict>
			<key>buildActionMask</key>
			<string>2147483647</string>
			<key>files</key>
			<array/>
			<key>isa</key>
			<string>PBXFrameworksBuildPhase</string>
			<key>runOnlyForDeploymentPostprocessing</key>
			<string>0</string>
		</dict>
		<key>1D2A591C1A700822001F9B8E</key>
		<dict>
			<key>buildActionMask</key>
			<string>2147483647</string>
			<key>files</key>
			<array/>
			<key>isa</key>
			<string>PBXResourcesBuildPhase</string>
			<key>runOnlyForDeploymentPostprocessing</key>
			<string>0</string>
		</dict>
		<key>1D2A591D1A700822001F9B8E</key>
		<dict>
			<key>buildConfigurationList</key>
			<string>1D2A592B1A700822001F9B8E</string>
			<key>buildPhases</key>
			<array>
				<string>1D2A591A1A700822001F9B8E</string>
				<string>1D2A591B1A700822001F9B8E</string>
				<string>1D2A591C1A700822001F9B8E</string>
			</array>
			<key>buildRules</key>
			<array/>
			<key>dependencies</key>
			<array>
				<string>1D2A59201A700822001F9B8E</string>
			</array>
			<key>isa</key>
			<string>PBXNativeTarget</string>
			<key>name</key>
			<string>81 - &#32593;&#26131;&#26032;&#38395;Tests</string>
			<key>productName</key>
			<string>81 - &#32593;&#26131;&#26032;&#38395;Tests</string>
			<key>productReference</key>
			<string>1D2A591E1A700822001F9B8E</string>
			<key>productType</key>
			<string>com.apple.product-type.bundle.unit-test</string>
		</dict>
		<key>1D2A591E1A700822001F9B8E</key>
		<dict>
			<key>explicitFileType</key>
			<string>wrapper.cfbundle</string>
			<key>includeInIndex</key>
			<string>0</string>
			<key>isa</key>
			<string>PBXFileReference</string>
			<key>path</key>
			<string>81 - &#32593;&#26131;&#26032;&#38395;Tests.xctest</string>
			<key>sourceTree</key>
			<string>BUILT_PRODUCTS_DIR</string>
		</dict>
		<key>1D2A591F1A700822001F9B8E</key>
		<dict>
			<key>containerPortal</key>
			<string>1D2A58FD1A700822001F9B8E</string>
			<key>isa</key>
			<string>PBXContainerItemProxy</string>
			<key>proxyType</key>
			<string>1</string>
			<key>remoteGlobalIDString</key>
			<string>1D2A59041A700822001F9B8E</string>
			<key>remoteInfo</key>
			<string>81 - &#32593;&#26131;&#26032;&#38395;</string>
		</dict>
		<key>1D2A59201A700822001F9B8E</key>
		<dict>
			<key>isa</key>
			<string>PBXTargetDependency</string>
			<key>target</key>
			<string>1D2A59041A700822001F9B8E</string>
			<key>targetProxy</key>
			<string>1D2A591F1A700822001F9B8E</string>
		</dict>
		<key>1D2A59211A700822001F9B8E</key>
		<dict>
			<key>children</key>
			<array>
				<string>1D2A59241A700822001F9B8E</string>
				<string>1D2A59221A700822001F9B8E</string>
			</array>
			<key>isa</key>
			<string>PBXGroup</string>
			<key>path</key>
			<string>81 - &#32593;&#26131;&#26032;&#38395;Tests</string>
			<key>sourceTree</key>
			<string>&lt;group&gt;</string>
		</dict>
		<key>1D2A59221A700822001F9B8E</key>
		<dict>
			<key>children</key>
			<array>
				<string>1D2A59231A700822001F9B8E</string>
			</array>
			<key>isa</key>
			<string>PBXGroup</string>
			<key>name</key>
			<string>Supporting Files</string>
			<key>sourceTree</key>
			<string>&lt;group&gt;</string>
		</dict>
		<key>1D2A59231A700822001F9B8E</key>
		<dict>
			<key>isa</key>
			<string>PBXFileReference</string>
			<key>lastKnownFileType</key>
			<string>text.plist.xml</string>
			<key>path</key>
			<string>Info.plist</string>
			<key>sourceTree</key>
			<string>&lt;group&gt;</string>
		</dict>
		<key>1D2A59241A700822001F9B8E</key>
		<dict>
			<key>isa</key>
			<string>PBXFileReference</string>
			<key>lastKnownFileType</key>
			<string>sourcecode.c.objc</string>
			<key>path</key>
			<string>_1_______Tests.m</string>
			<key>sourceTree</key>
			<string>&lt;group&gt;</string>
		</dict>
		<key>1D2A59251A700822001F9B8E</key>
		<dict>
			<key>fileRef</key>
			<string>1D2A59241A700822001F9B8E</string>
			<key>isa</key>
			<string>PBXBuildFile</string>
		</dict>
		<key>1D2A59261A700822001F9B8E</key>
		<dict>
			<key>buildSettings</key>
			<dict>
				<key>ALWAYS_SEARCH_USER_PATHS</key>
				<string>NO</string>
				<key>CLANG_CXX_LANGUAGE_STANDARD</key>
				<string>gnu++0x</string>
				<key>CLANG_CXX_LIBRARY</key>
				<string>libc++</string>
				<key>CLANG_ENABLE_MODULES</key>
				<string>YES</string>
				<key>CLANG_ENABLE_OBJC_ARC</key>
				<string>YES</string>
				<key>CLANG_WARN_BOOL_CONVERSION</key>
				<string>YES</string>
				<key>CLANG_WARN_CONSTANT_CONVERSION</key>
				<string>YES</string>
				<key>CLANG_WARN_DIRECT_OBJC_ISA_USAGE</key>
				<string>YES_ERROR</string>
				<key>CLANG_WARN_EMPTY_BODY</key>
				<string>YES</string>
				<key>CLANG_WARN_ENUM_CONVERSION</key>
				<string>YES</string>
				<key>CLANG_WARN_INT_CONVERSION</key>
				<string>YES</string>
				<key>CLANG_WARN_OBJC_ROOT_CLASS</key>
				<string>YES_ERROR</string>
				<key>CLANG_WARN_UNREACHABLE_CODE</key>
				<string>YES</string>
				<key>CLANG_WARN__DUPLICATE_METHOD_MATCH</key>
				<string>YES</string>
				<key>CODE_SIGN_IDENTITY[sdk=iphoneos*]</key>
				<string>iPhone Developer</string>
				<key>COPY_PHASE_STRIP</key>
				<string>NO</string>
				<key>ENABLE_STRICT_OBJC_MSGSEND</key>
				<string>YES</string>
				<key>GCC_C_LANGUAGE_STANDARD</key>
				<string>gnu99</string>
				<key>GCC_DYNAMIC_NO_PIC</key>
				<string>NO</string>
				<key>GCC_OPTIMIZATION_LEVEL</key>
				<string>0</string>
				<key>GCC_PREPROCESSOR_DEFINITIONS</key>
				<array>
					<string>DEBUG=1</string>
					<string>$(inherited)</string>
				</array>
				<key>GCC_SYMBOLS_PRIVATE_EXTERN</key>
				<string>NO</string>
				<key>GCC_WARN_64_TO_32_BIT_CONVERSION</key>
				<string>YES</string>
				<key>GCC_WARN_ABOUT_RETURN_TYPE</key>
				<string>YES_ERROR</string>
				<key>GCC_WARN_UNDECLARED_SELECTOR</key>
				<string>YES</string>
				<key>GCC_WARN_UNINITIALIZED_AUTOS</key>
				<string>YES_AGGRESSIVE</string>
				<key>GCC_WARN_UNUSED_FUNCTION</key>
				<string>YES</string>
				<key>GCC_WARN_UNUSED_VARIABLE</key>
				<string>YES</string>
				<key>IPHONEOS_DEPLOYMENT_TARGET</key>
				<string>7.0</string>
				<key>MTL_ENABLE_DEBUG_INFO</key>
				<string>YES</string>
				<key>ONLY_ACTIVE_ARCH</key>
				<string>YES</string>
				<key>SDKROOT</key>
				<string>iphoneos</string>
			</dict>
			<key>isa</key>
			<string>XCBuildConfiguration</string>
			<key>name</key>
			<string>Debug</string>
		</dict>
		<key>1D2A59271A700822001F9B8E</key>
		<dict>
			<key>buildSettings</key>
			<dict>
				<key>ALWAYS_SEARCH_USER_PATHS</key>
				<string>NO</string>
				<key>CLANG_CXX_LANGUAGE_STANDARD</key>
				<string>gnu++0x</string>
				<key>CLANG_CXX_LIBRARY</key>
				<string>libc++</string>
				<key>CLANG_ENABLE_MODULES</key>
				<string>YES</string>
				<key>CLANG_ENABLE_OBJC_ARC</key>
				<string>YES</string>
				<key>CLANG_WARN_BOOL_CONVERSION</key>
				<string>YES</string>
				<key>CLANG_WARN_CONSTANT_CONVERSION</key>
				<string>YES</string>
				<key>CLANG_WARN_DIRECT_OBJC_ISA_USAGE</key>
				<string>YES_ERROR</string>
				<key>CLANG_WARN_EMPTY_BODY</key>
				<string>YES</string>
				<key>CLANG_WARN_ENUM_CONVERSION</key>
				<string>YES</string>
				<key>CLANG_WARN_INT_CONVERSION</key>
				<string>YES</string>
				<key>CLANG_WARN_OBJC_ROOT_CLASS</key>
				<string>YES_ERROR</string>
				<key>CLANG_WARN_UNREACHABLE_CODE</key>
				<string>YES</string>
				<key>CLANG_WARN__DUPLICATE_METHOD_MATCH</key>
				<string>YES</string>
				<key>CODE_SIGN_IDENTITY[sdk=iphoneos*]</key>
				<string>iPhone Developer</string>
				<key>COPY_PHASE_STRIP</key>
				<string>YES</string>
				<key>ENABLE_NS_ASSERTIONS</key>
				<string>NO</string>
				<key>ENABLE_STRICT_OBJC_MSGSEND</key>
				<string>YES</string>
				<key>GCC_C_LANGUAGE_STANDARD</key>
				<string>gnu99</string>
				<key>GCC_WARN_64_TO_32_BIT_CONVERSION</key>
				<string>YES</string>
				<key>GCC_WARN_ABOUT_RETURN_TYPE</key>
				<string>YES_ERROR</string>
				<key>GCC_WARN_UNDECLARED_SELECTOR</key>
				<string>YES</string>
				<key>GCC_WARN_UNINITIALIZED_AUTOS</key>
				<string>YES_AGGRESSIVE</string>
				<key>GCC_WARN_UNUSED_FUNCTION</key>
				<string>YES</string>
				<key>GCC_WARN_UNUSED_VARIABLE</key>
				<string>YES</string>
				<key>IPHONEOS_DEPLOYMENT_TARGET</key>
				<string>7.0</string>
				<key>MTL_ENABLE_DEBUG_INFO</key>
				<string>NO</string>
				<key>SDKROOT</key>
				<string>iphoneos</string>
				<key>VALIDATE_PRODUCT</key>
				<string>YES</string>
			</dict>
			<key>isa</key>
			<string>XCBuildConfiguration</string>
			<key>name</key>
			<string>Release</string>
		</dict>
		<key>1D2A59281A700822001F9B8E</key>
		<dict>
			<key>buildConfigurations</key>
			<array>
				<string>1D2A59291A700822001F9B8E</string>
				<string>1D2A592A1A700822001F9B8E</string>
			</array>
			<key>defaultConfigurationIsVisible</key>
			<string>0</string>
			<key>defaultConfigurationName</key>
			<string>Release</string>
			<key>isa</key>
			<string>XCConfigurationList</string>
		</dict>
		<key>1D2A59291A700822001F9B8E</key>
		<dict>
			<key>baseConfigurationReference</key>
			<string>8442C6A4A60E9A333198EC8D</string>
			<key>buildSettings</key>
			<dict>
				<key>ASSETCATALOG_COMPILER_APPICON_NAME</key>
				<string>AppIcon</string>
				<key>ASSETCATALOG_COMPILER_LAUNCHIMAGE_NAME</key>
				<string>LaunchImage</string>
				<key>CODE_SIGN_IDENTITY</key>
				<string>iPhone Developer: Wei Feng Hou (P4XREMZX86)</string>
				<key>DEBUG_INFORMATION_FORMAT</key>
				<string>dwarf</string>
				<key>ENABLE_BITCODE</key>
				<string>NO</string>
				<key>FRAMEWORK_SEARCH_PATHS</key>
				<array>
					<string>$(inherited)</string>
					<string>$(PROJECT_DIR)</string>
				</array>
				<key>GCC_PRECOMPILE_PREFIX_HEADER</key>
				<string>NO</string>
				<key>GCC_PREFIX_HEADER</key>
				<string>$(SRCROOT)/81 - &#32593;&#26131;&#26032;&#38395;/NetEasyPrefix.pch</string>
				<key>INFOPLIST_FILE</key>
				<string>81 - &#32593;&#26131;&#26032;&#38395;/Info.plist</string>
				<key>IPHONEOS_DEPLOYMENT_TARGET</key>
				<string>8.0</string>
				<key>LD_RUNPATH_SEARCH_PATHS</key>
				<string>$(inherited) @executable_path/Frameworks</string>
				<key>PRODUCT_NAME</key>
				<string>$(TARGET_NAME)</string>
			</dict>
			<key>isa</key>
			<string>XCBuildConfiguration</string>
			<key>name</key>
			<string>Debug</string>
		</dict>
		<key>1D2A592A1A700822001F9B8E</key>
		<dict>
			<key>baseConfigurationReference</key>
			<string>EF340196FA5F6E329C85FDB7</string>
			<key>buildSettings</key>
			<dict>
				<key>ASSETCATALOG_COMPILER_APPICON_NAME</key>
				<string>AppIcon</string>
				<key>ASSETCATALOG_COMPILER_LAUNCHIMAGE_NAME</key>
				<string>LaunchImage</string>
				<key>CODE_SIGN_IDENTITY</key>
				<string>iPhone Developer: Wei Feng Hou (P4XREMZX86)</string>
				<key>DEBUG_INFORMATION_FORMAT</key>
				<string>dwarf</string>
				<key>ENABLE_BITCODE</key>
				<string>NO</string>
				<key>FRAMEWORK_SEARCH_PATHS</key>
				<array>
					<string>$(inherited)</string>
					<string>$(PROJECT_DIR)</string>
				</array>
				<key>GCC_PRECOMPILE_PREFIX_HEADER</key>
				<string>NO</string>
				<key>GCC_PREFIX_HEADER</key>
				<string>$(SRCROOT)/81 - &#32593;&#26131;&#26032;&#38395;/NetEasyPrefix.pch</string>
				<key>INFOPLIST_FILE</key>
				<string>81 - &#32593;&#26131;&#26032;&#38395;/Info.plist</string>
				<key>IPHONEOS_DEPLOYMENT_TARGET</key>
				<string>8.0</string>
				<key>LD_RUNPATH_SEARCH_PATHS</key>
				<string>$(inherited) @executable_path/Frameworks</string>
				<key>PRODUCT_NAME</key>
				<string>$(TARGET_NAME)</string>
			</dict>
			<key>isa</key>
			<string>XCBuildConfiguration</string>
			<key>name</key>
			<string>Release</string>
		</dict>
		<key>1D2A592B1A700822001F9B8E</key>
		<dict>
			<key>buildConfigurations</key>
			<array>
				<string>1D2A592C1A700822001F9B8E</string>
				<string>1D2A592D1A700822001F9B8E</string>
			</array>
			<key>defaultConfigurationIsVisible</key>
			<string>0</string>
			<key>defaultConfigurationName</key>
			<string>Release</string>
			<key>isa</key>
			<string>XCConfigurationList</string>
		</dict>
		<key>1D2A592C1A700822001F9B8E</key>
		<dict>
			<key>buildSettings</key>
			<dict>
				<key>BUNDLE_LOADER</key>
				<string>$(TEST_HOST)</string>
				<key>FRAMEWORK_SEARCH_PATHS</key>
				<array>
					<string>$(SDKROOT)/Developer/Library/Frameworks</string>
					<string>$(inherited)</string>
				</array>
				<key>GCC_PREPROCESSOR_DEFINITIONS</key>
				<array>
					<string>DEBUG=1</string>
					<string>$(inherited)</string>
				</array>
				<key>INFOPLIST_FILE</key>
				<string>81 - &#32593;&#26131;&#26032;&#38395;Tests/Info.plist</string>
				<key>LD_RUNPATH_SEARCH_PATHS</key>
				<string>$(inherited) @executable_path/Frameworks @loader_path/Frameworks</string>
				<key>PRODUCT_NAME</key>
				<string>$(TARGET_NAME)</string>
				<key>TEST_HOST</key>
				<string>$(BUILT_PRODUCTS_DIR)/81 - &#32593;&#26131;&#26032;&#38395;.app/81 - &#32593;&#26131;&#26032;&#38395;</string>
			</dict>
			<key>isa</key>
			<string>XCBuildConfiguration</string>
			<key>name</key>
			<string>Debug</string>
		</dict>
		<key>1D2A592D1A700822001F9B8E</key>
		<dict>
			<key>buildSettings</key>
			<dict>
				<key>BUNDLE_LOADER</key>
				<string>$(TEST_HOST)</string>
				<key>FRAMEWORK_SEARCH_PATHS</key>
				<array>
					<string>$(SDKROOT)/Developer/Library/Frameworks</string>
					<string>$(inherited)</string>
				</array>
				<key>INFOPLIST_FILE</key>
				<string>81 - &#32593;&#26131;&#26032;&#38395;Tests/Info.plist</string>
				<key>LD_RUNPATH_SEARCH_PATHS</key>
				<string>$(inherited) @executable_path/Frameworks @loader_path/Frameworks</string>
				<key>PRODUCT_NAME</key>
				<string>$(TARGET_NAME)</string>
				<key>TEST_HOST</key>
				<string>$(BUILT_PRODUCTS_DIR)/81 - &#32593;&#26131;&#26032;&#38395;.app/81 - &#32593;&#26131;&#26032;&#38395;</string>
			</dict>
			<key>isa</key>
			<string>XCBuildConfiguration</string>
			<key>name</key>
			<string>Release</string>
		</dict>
		<key>1D2A597E1A700864001F9B8E</key>
		<dict>
			<key>children</key>
			<array>
				<string>1D25EA631C8D8A0E009AFE2E</string>
				<string>1D25EA621C8D8A0C009AFE2E</string>
				<string>1D25EA611C8D8A09009AFE2E</string>
			</array>
			<key>isa</key>
			<string>PBXGroup</string>
			<key>path</key>
			<string>News</string>
			<key>sourceTree</key>
			<string>&lt;group&gt;</string>
		</dict>
		<key>1D577F441C57717E00B547B8</key>
		<dict>
			<key>children</key>
			<array>
				<string>1D25EA571C8D89BA009AFE2E</string>
				<string>1D25EA561C8D89B7009AFE2E</string>
				<string>1D25EA541C8D89AB009AFE2E</string>
			</array>
			<key>isa</key>
			<string>PBXGroup</string>
			<key>path</key>
			<string>Search</string>
			<key>sourceTree</key>
			<string>&lt;group&gt;</string>
		</dict>
		<key>1D577F451C57719F00B547B8</key>
		<dict>
			<key>fileEncoding</key>
			<string>4</string>
			<key>isa</key>
			<string>PBXFileReference</string>
			<key>lastKnownFileType</key>
			<string>sourcecode.c.h</string>
			<key>path</key>
			<string>SXSearchPage.h</string>
			<key>sourceTree</key>
			<string>&lt;group&gt;</string>
		</dict>
		<key>1D577F461C57719F00B547B8</key>
		<dict>
			<key>fileEncoding</key>
			<string>4</string>
			<key>isa</key>
			<string>PBXFileReference</string>
			<key>lastKnownFileType</key>
			<string>sourcecode.c.objc</string>
			<key>path</key>
			<string>SXSearchPage.m</string>
			<key>sourceTree</key>
			<string>&lt;group&gt;</string>
		</dict>
		<key>1D577F471C57719F00B547B8</key>
		<dict>
			<key>fileRef</key>
			<string>1D577F461C57719F00B547B8</string>
			<key>isa</key>
			<string>PBXBuildFile</string>
		</dict>
		<key>1D58EEC61A70924A00411E39</key>
		<dict>
			<key>fileEncoding</key>
			<string>4</string>
			<key>isa</key>
			<string>PBXFileReference</string>
			<key>lastKnownFileType</key>
			<string>sourcecode.c.h</string>
			<key>path</key>
			<string>SXNewsEntity.h</string>
			<key>sourceTree</key>
			<string>&lt;group&gt;</string>
		</dict>
		<key>1D58EEC71A70924A00411E39</key>
		<dict>
			<key>fileEncoding</key>
			<string>4</string>
			<key>isa</key>
			<string>PBXFileReference</string>
			<key>lastKnownFileType</key>
			<string>sourcecode.c.objc</string>
			<key>path</key>
			<string>SXNewsEntity.m</string>
			<key>sourceTree</key>
			<string>&lt;group&gt;</string>
		</dict>
		<key>1D58EEC81A70924A00411E39</key>
		<dict>
			<key>fileRef</key>
			<string>1D58EEC71A70924A00411E39</string>
			<key>isa</key>
			<string>PBXBuildFile</string>
		</dict>
		<key>1D58EEC91A709AE600411E39</key>
		<dict>
			<key>fileEncoding</key>
			<string>4</string>
			<key>isa</key>
			<string>PBXFileReference</string>
			<key>lastKnownFileType</key>
			<string>file.storyboard</string>
			<key>path</key>
			<string>News.storyboard</string>
			<key>sourceTree</key>
			<string>&lt;group&gt;</string>
		</dict>
		<key>1D58EECA1A709AE600411E39</key>
		<dict>
			<key>fileRef</key>
			<string>1D58EEC91A709AE600411E39</string>
			<key>isa</key>
			<string>PBXBuildFile</string>
		</dict>
		<key>1D58EECB1A709E0300411E39</key>
		<dict>
			<key>fileEncoding</key>
			<string>4</string>
			<key>isa</key>
			<string>PBXFileReference</string>
			<key>lastKnownFileType</key>
			<string>sourcecode.c.h</string>
			<key>path</key>
			<string>SXNewsCell.h</string>
			<key>sourceTree</key>
			<string>&lt;group&gt;</string>
		</dict>
		<key>1D58EECC1A709E0300411E39</key>
		<dict>
			<key>fileEncoding</key>
			<string>4</string>
			<key>isa</key>
			<string>PBXFileReference</string>
			<key>lastKnownFileType</key>
			<string>sourcecode.c.objc</string>
			<key>path</key>
			<string>SXNewsCell.m</string>
			<key>sourceTree</key>
			<string>&lt;group&gt;</string>
		</dict>
		<key>1D58EECD1A709E0300411E39</key>
		<dict>
			<key>fileRef</key>
			<string>1D58EECC1A709E0300411E39</string>
			<key>isa</key>
			<string>PBXBuildFile</string>
		</dict>
		<key>1D58EECE1A70A42100411E39</key>
		<dict>
			<key>fileEncoding</key>
			<string>4</string>
			<key>isa</key>
			<string>PBXFileReference</string>
			<key>lastKnownFileType</key>
			<string>sourcecode.c.h</string>
			<key>path</key>
			<string>SXNewsTableViewPage.h</string>
			<key>sourceTree</key>
			<string>&lt;group&gt;</string>
		</dict>
		<key>1D58EECF1A70A42100411E39</key>
		<dict>
			<key>fileEncoding</key>
			<string>4</string>
			<key>isa</key>
			<string>PBXFileReference</string>
			<key>lastKnownFileType</key>
			<string>sourcecode.c.objc</string>
			<key>path</key>
			<string>SXNewsTableViewPage.m</string>
			<key>sourceTree</key>
			<string>&lt;group&gt;</string>
		</dict>
		<key>1D58EED01A70A42100411E39</key>
		<dict>
			<key>fileRef</key>
			<string>1D58EECF1A70A42100411E39</string>
			<key>isa</key>
			<string>PBXBuildFile</string>
		</dict>
		<key>1D58EED71A70C18000411E39</key>
		<dict>
			<key>fileEncoding</key>
			<string>4</string>
			<key>isa</key>
			<string>PBXFileReference</string>
			<key>lastKnownFileType</key>
			<string>text.plist.xml</string>
			<key>path</key>
			<string>NewsURLs.plist</string>
			<key>sourceTree</key>
			<string>&lt;group&gt;</string>
		</dict>
		<key>1D58EED81A70C18000411E39</key>
		<dict>
			<key>fileRef</key>
			<string>1D58EED71A70C18000411E39</string>
			<key>isa</key>
			<string>PBXBuildFile</string>
		</dict>
		<key>1D6BE3791A84B04600BF1AB7</key>
		<dict>
			<key>fileEncoding</key>
			<string>4</string>
			<key>isa</key>
			<string>PBXFileReference</string>
			<key>lastKnownFileType</key>
			<string>sourcecode.c.h</string>
			<key>path</key>
			<string>SXNavController.h</string>
			<key>sourceTree</key>
			<string>&lt;group&gt;</string>
		</dict>
		<key>1D6BE37A1A84B04600BF1AB7</key>
		<dict>
			<key>fileEncoding</key>
			<string>4</string>
			<key>isa</key>
			<string>PBXFileReference</string>
			<key>lastKnownFileType</key>
			<string>sourcecode.c.objc</string>
			<key>path</key>
			<string>SXNavController.m</string>
			<key>sourceTree</key>
			<string>&lt;group&gt;</string>
		</dict>
		<key>1D6BE37B1A84B04600BF1AB7</key>
		<dict>
			<key>fileRef</key>
			<string>1D6BE37A1A84B04600BF1AB7</string>
			<key>isa</key>
			<string>PBXBuildFile</string>
		</dict>
		<key>1D7B9F4E1B5E1EC000774BDA</key>
		<dict>
			<key>isa</key>
			<string>PBXFileReference</string>
			<key>lastKnownFileType</key>
			<string>file</string>
			<key>path</key>
			<string>HYQiHei-50J.ttf</string>
			<key>sourceTree</key>
			<string>&lt;group&gt;</string>
		</dict>
		<key>1D7B9F4F1B5E1EC000774BDA</key>
		<dict>
			<key>fileRef</key>
			<string>1D7B9F4E1B5E1EC000774BDA</string>
			<key>isa</key>
			<string>PBXBuildFile</string>
		</dict>
		<key>1D7DFD1A1CA0F3280084EC5B</key>
		<dict>
			<key>children</key>
			<array>
				<string>1D7DFD2B1CA0F3470084EC5B</string>
				<string>1D7DFD2A1CA0F33E0084EC5B</string>
				<string>1D7DFD291CA0F3310084EC5B</string>
			</array>
			<key>isa</key>
			<string>PBXGroup</string>
			<key>path</key>
			<string>Reply</string>
			<key>sourceTree</key>
			<string>&lt;group&gt;</string>
		</dict>
		<key>1D7DFD1B1CA0F3280084EC5B</key>
		<dict>
			<key>fileEncoding</key>
			<string>4</string>
			<key>isa</key>
			<string>PBXFileReference</string>
			<key>lastKnownFileType</key>
			<string>sourcecode.c.h</string>
			<key>path</key>
			<string>SXReplyCell.h</string>
			<key>sourceTree</key>
			<string>&lt;group&gt;</string>
		</dict>
		<key>1D7DFD1C1CA0F3280084EC5B</key>
		<dict>
			<key>fileEncoding</key>
			<string>4</string>
			<key>isa</key>
			<string>PBXFileReference</string>
			<key>lastKnownFileType</key>
			<string>sourcecode.c.objc</string>
			<key>path</key>
			<string>SXReplyCell.m</string>
			<key>sourceTree</key>
			<string>&lt;group&gt;</string>
		</dict>
		<key>1D7DFD1D1CA0F3280084EC5B</key>
		<dict>
			<key>fileEncoding</key>
			<string>4</string>
			<key>isa</key>
			<string>PBXFileReference</string>
			<key>lastKnownFileType</key>
			<string>sourcecode.c.h</string>
			<key>path</key>
			<string>SXReplyEntity.h</string>
			<key>sourceTree</key>
			<string>&lt;group&gt;</string>
		</dict>
		<key>1D7DFD1E1CA0F3280084EC5B</key>
		<dict>
			<key>fileEncoding</key>
			<string>4</string>
			<key>isa</key>
			<string>PBXFileReference</string>
			<key>lastKnownFileType</key>
			<string>sourcecode.c.objc</string>
			<key>path</key>
			<string>SXReplyEntity.m</string>
			<key>sourceTree</key>
			<string>&lt;group&gt;</string>
		</dict>
		<key>1D7DFD1F1CA0F3280084EC5B</key>
		<dict>
			<key>fileEncoding</key>
			<string>4</string>
			<key>isa</key>
			<string>PBXFileReference</string>
			<key>lastKnownFileType</key>
			<string>sourcecode.c.h</string>
			<key>path</key>
			<string>SXReplyHeader.h</string>
			<key>sourceTree</key>
			<string>&lt;group&gt;</string>
		</dict>
		<key>1D7DFD201CA0F3280084EC5B</key>
		<dict>
			<key>fileEncoding</key>
			<string>4</string>
			<key>isa</key>
			<string>PBXFileReference</string>
			<key>lastKnownFileType</key>
			<string>sourcecode.c.objc</string>
			<key>path</key>
			<string>SXReplyHeader.m</string>
			<key>sourceTree</key>
			<string>&lt;group&gt;</string>
		</dict>
		<key>1D7DFD211CA0F3280084EC5B</key>
		<dict>
			<key>fileEncoding</key>
			<string>4</string>
			<key>isa</key>
			<string>PBXFileReference</string>
			<key>lastKnownFileType</key>
			<string>file.xib</string>
			<key>path</key>
			<string>SXReplyHeader.xib</string>
			<key>sourceTree</key>
			<string>&lt;group&gt;</string>
		</dict>
		<key>1D7DFD221CA0F3280084EC5B</key>
		<dict>
			<key>fileEncoding</key>
			<string>4</string>
			<key>isa</key>
			<string>PBXFileReference</string>
			<key>lastKnownFileType</key>
			<string>sourcecode.c.h</string>
			<key>path</key>
			<string>SXReplyPage.h</string>
			<key>sourceTree</key>
			<string>&lt;group&gt;</string>
		</dict>
		<key>1D7DFD231CA0F3280084EC5B</key>
		<dict>
			<key>fileEncoding</key>
			<string>4</string>
			<key>isa</key>
			<string>PBXFileReference</string>
			<key>lastKnownFileType</key>
			<string>sourcecode.c.objc</string>
			<key>path</key>
			<string>SXReplyPage.m</string>
			<key>sourceTree</key>
			<string>&lt;group&gt;</string>
		</dict>
		<key>1D7DFD241CA0F3280084EC5B</key>
		<dict>
			<key>fileRef</key>
			<string>1D7DFD1C1CA0F3280084EC5B</string>
			<key>isa</key>
			<string>PBXBuildFile</string>
		</dict>
		<key>1D7DFD251CA0F3280084EC5B</key>
		<dict>
			<key>fileRef</key>
			<string>1D7DFD1E1CA0F3280084EC5B</string>
			<key>isa</key>
			<string>PBXBuildFile</string>
		</dict>
		<key>1D7DFD261CA0F3280084EC5B</key>
		<dict>
			<key>fileRef</key>
			<string>1D7DFD201CA0F3280084EC5B</string>
			<key>isa</key>
			<string>PBXBuildFile</string>
		</dict>
		<key>1D7DFD271CA0F3280084EC5B</key>
		<dict>
			<key>fileRef</key>
			<string>1D7DFD211CA0F3280084EC5B</string>
			<key>isa</key>
			<string>PBXBuildFile</string>
		</dict>
		<key>1D7DFD281CA0F3280084EC5B</key>
		<dict>
			<key>fileRef</key>
			<string>1D7DFD231CA0F3280084EC5B</string>
			<key>isa</key>
			<string>PBXBuildFile</string>
		</dict>
		<key>1D7DFD291CA0F3310084EC5B</key>
		<dict>
			<key>children</key>
			<array>
				<string>1D7DFD2C1CA0F3890084EC5B</string>
				<string>1D7DFD2D1CA0F3890084EC5B</string>
			</array>
			<key>isa</key>
			<string>PBXGroup</string>
			<key>name</key>
			<string>ViewModel</string>
			<key>sourceTree</key>
			<string>&lt;group&gt;</string>
		</dict>
		<key>1D7DFD2A1CA0F33E0084EC5B</key>
		<dict>
			<key>children</key>
			<array>
				<string>1D7DFD1D1CA0F3280084EC5B</string>
				<string>1D7DFD1E1CA0F3280084EC5B</string>
			</array>
			<key>isa</key>
			<string>PBXGroup</string>
			<key>name</key>
			<string>Entity</string>
			<key>sourceTree</key>
			<string>&lt;group&gt;</string>
		</dict>
		<key>1D7DFD2B1CA0F3470084EC5B</key>
		<dict>
			<key>children</key>
			<array>
				<string>1D7DFD1F1CA0F3280084EC5B</string>
				<string>1D7DFD201CA0F3280084EC5B</string>
				<string>1D7DFD211CA0F3280084EC5B</string>
				<string>1D7DFD221CA0F3280084EC5B</string>
				<string>1D7DFD231CA0F3280084EC5B</string>
				<string>1D7DFD1B1CA0F3280084EC5B</string>
				<string>1D7DFD1C1CA0F3280084EC5B</string>
			</array>
			<key>isa</key>
			<string>PBXGroup</string>
			<key>name</key>
			<string>Page</string>
			<key>sourceTree</key>
			<string>&lt;group&gt;</string>
		</dict>
		<key>1D7DFD2C1CA0F3890084EC5B</key>
		<dict>
			<key>fileEncoding</key>
			<string>4</string>
			<key>isa</key>
			<string>PBXFileReference</string>
			<key>lastKnownFileType</key>
			<string>sourcecode.c.h</string>
			<key>path</key>
			<string>SXReplyViewModel.h</string>
			<key>sourceTree</key>
			<string>&lt;group&gt;</string>
		</dict>
		<key>1D7DFD2D1CA0F3890084EC5B</key>
		<dict>
			<key>fileEncoding</key>
			<string>4</string>
			<key>isa</key>
			<string>PBXFileReference</string>
			<key>lastKnownFileType</key>
			<string>sourcecode.c.objc</string>
			<key>path</key>
			<string>SXReplyViewModel.m</string>
			<key>sourceTree</key>
			<string>&lt;group&gt;</string>
		</dict>
		<key>1D7DFD2E1CA0F3890084EC5B</key>
		<dict>
			<key>fileRef</key>
			<string>1D7DFD2D1CA0F3890084EC5B</string>
			<key>isa</key>
			<string>PBXBuildFile</string>
		</dict>
		<key>1D882E361A8112ED004C9C9A</key>
		<dict>
			<key>children</key>
			<array>
				<string>1D25EA5D1C8D89F6009AFE2E</string>
				<string>1D25EA5C1C8D89F3009AFE2E</string>
				<string>1D25EA5B1C8D89F1009AFE2E</string>
			</array>
			<key>isa</key>
			<string>PBXGroup</string>
			<key>path</key>
			<string>PhotoSet</string>
			<key>sourceTree</key>
			<string>&lt;group&gt;</string>
		</dict>
		<key>1D882E371A811392004C9C9A</key>
		<dict>
			<key>fileEncoding</key>
			<string>4</string>
			<key>isa</key>
			<string>PBXFileReference</string>
			<key>lastKnownFileType</key>
			<string>sourcecode.c.h</string>
			<key>path</key>
			<string>SXPhotoSetEntity.h</string>
			<key>sourceTree</key>
			<string>&lt;group&gt;</string>
		</dict>
		<key>1D882E381A811392004C9C9A</key>
		<dict>
			<key>fileEncoding</key>
			<string>4</string>
			<key>isa</key>
			<string>PBXFileReference</string>
			<key>lastKnownFileType</key>
			<string>sourcecode.c.objc</string>
			<key>path</key>
			<string>SXPhotoSetEntity.m</string>
			<key>sourceTree</key>
			<string>&lt;group&gt;</string>
		</dict>
		<key>1D882E391A811392004C9C9A</key>
		<dict>
			<key>fileRef</key>
			<string>1D882E381A811392004C9C9A</string>
			<key>isa</key>
			<string>PBXBuildFile</string>
		</dict>
		<key>1D882E3A1A81151C004C9C9A</key>
		<dict>
			<key>fileEncoding</key>
			<string>4</string>
			<key>isa</key>
			<string>PBXFileReference</string>
			<key>lastKnownFileType</key>
			<string>sourcecode.c.h</string>
			<key>path</key>
			<string>SXPhotosDetailEntity.h</string>
			<key>sourceTree</key>
			<string>&lt;group&gt;</string>
		</dict>
		<key>1D882E3B1A81151C004C9C9A</key>
		<dict>
			<key>fileEncoding</key>
			<string>4</string>
			<key>isa</key>
			<string>PBXFileReference</string>
			<key>lastKnownFileType</key>
			<string>sourcecode.c.objc</string>
			<key>path</key>
			<string>SXPhotosDetailEntity.m</string>
			<key>sourceTree</key>
			<string>&lt;group&gt;</string>
		</dict>
		<key>1D882E3C1A81151C004C9C9A</key>
		<dict>
			<key>fileRef</key>
			<string>1D882E3B1A81151C004C9C9A</string>
			<key>isa</key>
			<string>PBXBuildFile</string>
		</dict>
		<key>1D882E541A811E1D004C9C9A</key>
		<dict>
			<key>fileEncoding</key>
			<string>4</string>
			<key>isa</key>
			<string>PBXFileReference</string>
			<key>lastKnownFileType</key>
			<string>sourcecode.c.h</string>
			<key>path</key>
			<string>SXPhotoSetPage.h</string>
			<key>sourceTree</key>
			<string>&lt;group&gt;</string>
		</dict>
		<key>1D882E551A811E1D004C9C9A</key>
		<dict>
			<key>fileEncoding</key>
			<string>4</string>
			<key>isa</key>
			<string>PBXFileReference</string>
			<key>lastKnownFileType</key>
			<string>sourcecode.c.objc</string>
			<key>path</key>
			<string>SXPhotoSetPage.m</string>
			<key>sourceTree</key>
			<string>&lt;group&gt;</string>
		</dict>
		<key>1D882E561A811E1D004C9C9A</key>
		<dict>
			<key>fileRef</key>
			<string>1D882E551A811E1D004C9C9A</string>
			<key>isa</key>
			<string>PBXBuildFile</string>
		</dict>
		<key>1DA8BAB31C522E1F00D041C5</key>
		<dict>
			<key>isa</key>
			<string>PBXFileReference</string>
			<key>lastKnownFileType</key>
			<string>wrapper.framework</string>
			<key>name</key>
			<string>SystemConfiguration.framework</string>
			<key>path</key>
			<string>System/Library/Frameworks/SystemConfiguration.framework</string>
			<key>sourceTree</key>
			<string>SDKROOT</string>
		</dict>
		<key>1DA8BAB41C522E1F00D041C5</key>
		<dict>
			<key>fileRef</key>
			<string>1DA8BAB31C522E1F00D041C5</string>
			<key>isa</key>
			<string>PBXBuildFile</string>
		</dict>
		<key>1DA8BAB51C522E2800D041C5</key>
		<dict>
			<key>isa</key>
			<string>PBXFileReference</string>
			<key>lastKnownFileType</key>
			<string>wrapper.framework</string>
			<key>name</key>
			<string>CoreTelephony.framework</string>
			<key>path</key>
			<string>System/Library/Frameworks/CoreTelephony.framework</string>
			<key>sourceTree</key>
			<string>SDKROOT</string>
		</dict>
		<key>1DA8BAB61C522E2800D041C5</key>
		<dict>
			<key>fileRef</key>
			<string>1DA8BAB51C522E2800D041C5</string>
			<key>isa</key>
			<string>PBXBuildFile</string>
		</dict>
		<key>1DA8BAB71C522E3200D041C5</key>
		<dict>
			<key>isa</key>
			<string>PBXFileReference</string>
			<key>lastKnownFileType</key>
			<string>wrapper.framework</string>
			<key>name</key>
			<string>CoreData.framework</string>
			<key>path</key>
			<string>System/Library/Frameworks/CoreData.framework</string>
			<key>sourceTree</key>
			<string>SDKROOT</string>
		</dict>
		<key>1DA8BAB81C522E3200D041C5</key>
		<dict>
			<key>fileRef</key>
			<string>1DA8BAB71C522E3200D041C5</string>
			<key>isa</key>
			<string>PBXBuildFile</string>
		</dict>
		<key>1DA8BAB91C522E5600D041C5</key>
		<dict>
			<key>isa</key>
			<string>PBXFileReference</string>
			<key>lastKnownFileType</key>
			<string>sourcecode.text-based-dylib-definition</string>
			<key>name</key>
			<string>libz.tbd</string>
			<key>path</key>
			<string>usr/lib/libz.tbd</string>
			<key>sourceTree</key>
			<string>SDKROOT</string>
		</dict>
		<key>1DA8BABA1C522E5600D041C5</key>
		<dict>
			<key>fileRef</key>
			<string>1DA8BAB91C522E5600D041C5</string>
			<key>isa</key>
			<string>PBXBuildFile</string>
		</dict>
		<key>1DA8BABB1C522E5F00D041C5</key>
		<dict>
			<key>isa</key>
			<string>PBXFileReference</string>
			<key>lastKnownFileType</key>
			<string>sourcecode.text-based-dylib-definition</string>
			<key>name</key>
			<string>libstdc++.tbd</string>
			<key>path</key>
			<string>usr/lib/libstdc++.tbd</string>
			<key>sourceTree</key>
			<string>SDKROOT</string>
		</dict>
		<key>1DA8BABC1C522E5F00D041C5</key>
		<dict>
			<key>fileRef</key>
			<string>1DA8BABB1C522E5F00D041C5</string>
			<key>isa</key>
			<string>PBXBuildFile</string>
		</dict>
		<key>1DA8BABD1C522EEE00D041C5</key>
		<dict>
			<key>fileEncoding</key>
			<string>4</string>
			<key>isa</key>
			<string>PBXFileReference</string>
			<key>lastKnownFileType</key>
			<string>sourcecode.c.h</string>
			<key>path</key>
			<string>NetEasyPrefix.pch</string>
			<key>sourceTree</key>
			<string>&lt;group&gt;</string>
		</dict>
		<key>1DA8BAC01C55C4C100D041C5</key>
		<dict>
			<key>isa</key>
			<string>PBXFileReference</string>
			<key>lastKnownFileType</key>
			<string>wrapper.framework</string>
			<key>path</key>
			<string>OneAPM.framework</string>
			<key>sourceTree</key>
			<string>&lt;group&gt;</string>
		</dict>
		<key>1DA8BAC11C55C4C100D041C5</key>
		<dict>
			<key>fileRef</key>
			<string>1DA8BAC01C55C4C100D041C5</string>
			<key>isa</key>
			<string>PBXBuildFile</string>
		</dict>
		<key>1DE822A51C586A2500E965C1</key>
		<dict>
			<key>fileEncoding</key>
			<string>4</string>
			<key>isa</key>
			<string>PBXFileReference</string>
			<key>lastKnownFileType</key>
			<string>sourcecode.c.h</string>
			<key>path</key>
			<string>SXSearchListEntity.h</string>
			<key>sourceTree</key>
			<string>&lt;group&gt;</string>
		</dict>
		<key>1DE822A61C586A2500E965C1</key>
		<dict>
			<key>fileEncoding</key>
			<string>4</string>
			<key>isa</key>
			<string>PBXFileReference</string>
			<key>lastKnownFileType</key>
			<string>sourcecode.c.objc</string>
			<key>path</key>
			<string>SXSearchListEntity.m</string>
			<key>sourceTree</key>
			<string>&lt;group&gt;</string>
		</dict>
		<key>1DE822A71C586A2500E965C1</key>
		<dict>
			<key>fileRef</key>
			<string>1DE822A61C586A2500E965C1</string>
			<key>isa</key>
			<string>PBXBuildFile</string>
		</dict>
		<key>1DE822A81C5875CC00E965C1</key>
		<dict>
			<key>fileEncoding</key>
			<string>4</string>
			<key>isa</key>
			<string>PBXFileReference</string>
			<key>lastKnownFileType</key>
			<string>sourcecode.c.h</string>
			<key>path</key>
			<string>SXSearchListCell.h</string>
			<key>sourceTree</key>
			<string>&lt;group&gt;</string>
		</dict>
		<key>1DE822A91C5875CC00E965C1</key>
		<dict>
			<key>fileEncoding</key>
			<string>4</string>
			<key>isa</key>
			<string>PBXFileReference</string>
			<key>lastKnownFileType</key>
			<string>sourcecode.c.objc</string>
			<key>path</key>
			<string>SXSearchListCell.m</string>
			<key>sourceTree</key>
			<string>&lt;group&gt;</string>
		</dict>
		<key>1DE822AA1C5875CC00E965C1</key>
		<dict>
			<key>fileEncoding</key>
			<string>4</string>
			<key>isa</key>
			<string>PBXFileReference</string>
			<key>lastKnownFileType</key>
			<string>file.xib</string>
			<key>path</key>
			<string>SXSearchListCell.xib</string>
			<key>sourceTree</key>
			<string>&lt;group&gt;</string>
		</dict>
		<key>1DE822AB1C5875CC00E965C1</key>
		<dict>
			<key>fileRef</key>
			<string>1DE822A91C5875CC00E965C1</string>
			<key>isa</key>
			<string>PBXBuildFile</string>
		</dict>
		<key>1DE822AC1C5875CC00E965C1</key>
		<dict>
			<key>fileRef</key>
			<string>1DE822AA1C5875CC00E965C1</string>
			<key>isa</key>
			<string>PBXBuildFile</string>
		</dict>
		<key>1DE822B61C5B5C4A00E965C1</key>
		<dict>
			<key>fileEncoding</key>
			<string>4</string>
			<key>isa</key>
			<string>PBXFileReference</string>
			<key>lastKnownFileType</key>
			<string>sourcecode.c.h</string>
			<key>path</key>
			<string>SXNewsDetailBottomCell.h</string>
			<key>sourceTree</key>
			<string>&lt;group&gt;</string>
		</dict>
		<key>1DE822B71C5B5C4A00E965C1</key>
		<dict>
			<key>fileEncoding</key>
			<string>4</string>
			<key>isa</key>
			<string>PBXFileReference</string>
			<key>lastKnownFileType</key>
			<string>sourcecode.c.objc</string>
			<key>path</key>
			<string>SXNewsDetailBottomCell.m</string>
			<key>sourceTree</key>
			<string>&lt;group&gt;</string>
		</dict>
		<key>1DE822B81C5B5C4A00E965C1</key>
		<dict>
			<key>fileEncoding</key>
			<string>4</string>
			<key>isa</key>
			<string>PBXFileReference</string>
			<key>lastKnownFileType</key>
			<string>file.xib</string>
			<key>path</key>
			<string>SXNewsDetailBottomCell.xib</string>
			<key>sourceTree</key>
			<string>&lt;group&gt;</string>
		</dict>
		<key>1DE822B91C5B5C4A00E965C1</key>
		<dict>
			<key>fileRef</key>
			<string>1DE822B71C5B5C4A00E965C1</string>
			<key>isa</key>
			<string>PBXBuildFile</string>
		</dict>
		<key>1DE822BA1C5B5C4A00E965C1</key>
		<dict>
			<key>fileRef</key>
			<string>1DE822B81C5B5C4A00E965C1</string>
			<key>isa</key>
			<string>PBXBuildFile</string>
		</dict>
		<key>1DE822BE1C60577900E965C1</key>
		<dict>
			<key>fileEncoding</key>
			<string>4</string>
			<key>isa</key>
			<string>PBXFileReference</string>
			<key>lastKnownFileType</key>
			<string>sourcecode.c.h</string>
			<key>path</key>
			<string>SXSimilarNewsEntity.h</string>
			<key>sourceTree</key>
			<string>&lt;group&gt;</string>
		</dict>
		<key>1DE822BF1C60577900E965C1</key>
		<dict>
			<key>fileEncoding</key>
			<string>4</string>
			<key>isa</key>
			<string>PBXFileReference</string>
			<key>lastKnownFileType</key>
			<string>sourcecode.c.objc</string>
			<key>path</key>
			<string>SXSimilarNewsEntity.m</string>
			<key>sourceTree</key>
			<string>&lt;group&gt;</string>
		</dict>
		<key>1DE822C01C60577900E965C1</key>
		<dict>
			<key>fileRef</key>
			<string>1DE822BF1C60577900E965C1</string>
			<key>isa</key>
			<string>PBXBuildFile</string>
		</dict>
		<key>2B089D27273B5CF55F0A1135</key>
		<dict>
			<key>buildActionMask</key>
			<string>2147483647</string>
			<key>files</key>
			<array/>
			<key>inputPaths</key>
			<array/>
			<key>isa</key>
			<string>PBXShellScriptBuildPhase</string>
			<key>name</key>
			<string>Embed Pods Frameworks</string>
			<key>outputPaths</key>
			<array/>
			<key>runOnlyForDeploymentPostprocessing</key>
			<string>0</string>
			<key>shellPath</key>
			<string>/bin/sh</string>
			<key>shellScript</key>
			<string>"${SRCROOT}/Pods/Target Support Files/Pods-81 - &#32593;&#26131;&#26032;&#38395;/Pods-81 - &#32593;&#26131;&#26032;&#38395;-frameworks.sh"
</string>
			<key>showEnvVarsInLog</key>
			<string>0</string>
		</dict>
		<key>36B590E04BD61018B424E360</key>
		<dict>
			<key>includeInIndex</key>
			<string>1</string>
			<key>isa</key>
			<string>PBXFileReference</string>
			<key>lastKnownFileType</key>
			<string>text.xcconfig</string>
			<key>name</key>
			<string>Pods.debug.xcconfig</string>
			<key>path</key>
			<string>Pods/Target Support Files/Pods/Pods.debug.xcconfig</string>
			<key>sourceTree</key>
			<string>&lt;group&gt;</string>
		</dict>
		<key>444DF4EF638B7F11925A94D0</key>
		<dict>
			<key>explicitFileType</key>
			<string>archive.ar</string>
			<key>includeInIndex</key>
			<string>0</string>
			<key>isa</key>
			<string>PBXFileReference</string>
			<key>path</key>
			<string>libPods.a</string>
			<key>sourceTree</key>
			<string>BUILT_PRODUCTS_DIR</string>
		</dict>
		<key>5B53F839A6ADAEE2DD77CFC4</key>
		<dict>
			<key>children</key>
			<array>
				<string>444DF4EF638B7F11925A94D0</string>
				<string>C490E2DCBBA02FA8C1896D59</string>
			</array>
			<key>isa</key>
			<string>PBXGroup</string>
			<key>name</key>
			<string>Frameworks</string>
			<key>sourceTree</key>
			<string>&lt;group&gt;</string>
		</dict>
		<key>5E30CA20ABC1958463CAE4EC</key>
		<dict>
			<key>buildActionMask</key>
			<string>2147483647</string>
			<key>files</key>
			<array/>
			<key>inputPaths</key>
			<array/>
			<key>isa</key>
			<string>PBXShellScriptBuildPhase</string>
			<key>name</key>
			<string>Copy Pods Resources</string>
			<key>outputPaths</key>
			<array/>
			<key>runOnlyForDeploymentPostprocessing</key>
			<string>0</string>
			<key>shellPath</key>
			<string>/bin/sh</string>
			<key>shellScript</key>
			<string>"${SRCROOT}/Pods/Target Support Files/Pods-81 - &#32593;&#26131;&#26032;&#38395;/Pods-81 - &#32593;&#26131;&#26032;&#38395;-resources.sh"
</string>
			<key>showEnvVarsInLog</key>
			<string>0</string>
		</dict>
		<key>5F0C20E1664BC86106527F1E</key>
		<dict>
			<key>includeInIndex</key>
			<string>1</string>
			<key>isa</key>
			<string>PBXFileReference</string>
			<key>lastKnownFileType</key>
			<string>text.xcconfig</string>
			<key>name</key>
			<string>Pods.release.xcconfig</string>
			<key>path</key>
			<string>Pods/Target Support Files/Pods/Pods.release.xcconfig</string>
			<key>sourceTree</key>
			<string>&lt;group&gt;</string>
		</dict>
		<key>6CFC6A70CF0F7D180240C9A4</key>
		<dict>
			<key>buildActionMask</key>
			<string>2147483647</string>
			<key>files</key>
			<array/>
			<key>inputPaths</key>
			<array/>
			<key>isa</key>
			<string>PBXShellScriptBuildPhase</string>
			<key>name</key>
			<string>Check Pods Manifest.lock</string>
			<key>outputPaths</key>
			<array/>
			<key>runOnlyForDeploymentPostprocessing</key>
			<string>0</string>
			<key>shellPath</key>
			<string>/bin/sh</string>
			<key>shellScript</key>
			<string>diff "${PODS_ROOT}/../Podfile.lock" "${PODS_ROOT}/Manifest.lock" &gt; /dev/null
if [[ $? != 0 ]] ; then
    cat &lt;&lt; EOM
error: The sandbox is not in sync with the Podfile.lock. Run 'pod install' or update your CocoaPods installation.
EOM
    exit 1
fi
</string>
			<key>showEnvVarsInLog</key>
			<string>0</string>
		</dict>
		<key>8442C6A4A60E9A333198EC8D</key>
		<dict>
			<key>includeInIndex</key>
			<string>1</string>
			<key>isa</key>
			<string>PBXFileReference</string>
			<key>lastKnownFileType</key>
			<string>text.xcconfig</string>
			<key>name</key>
			<string>Pods-81 - &#32593;&#26131;&#26032;&#38395;.debug.xcconfig</string>
			<key>path</key>
			<string>Pods/Target Support Files/Pods-81 - &#32593;&#26131;&#26032;&#38395;/Pods-81 - &#32593;&#26131;&#26032;&#38395;.debug.xcconfig</string>
			<key>sourceTree</key>
			<string>&lt;group&gt;</string>
		</dict>
		<key>C490E2DCBBA02FA8C1896D59</key>
		<dict>
			<key>explicitFileType</key>
			<string>archive.ar</string>
			<key>includeInIndex</key>
			<string>0</string>
			<key>isa</key>
			<string>PBXFileReference</string>
			<key>path</key>
			<string>libPods-81 - &#32593;&#26131;&#26032;&#38395;.a</string>
			<key>sourceTree</key>
			<string>BUILT_PRODUCTS_DIR</string>
		</dict>
		<key>EEEF37AE8C8D6C38EF605425</key>
		<dict>
			<key>children</key>
			<array>
				<string>36B590E04BD61018B424E360</string>
				<string>5F0C20E1664BC86106527F1E</string>
				<string>8442C6A4A60E9A333198EC8D</string>
				<string>EF340196FA5F6E329C85FDB7</string>
			</array>
			<key>isa</key>
			<string>PBXGroup</string>
			<key>name</key>
			<string>Pods</string>
			<key>sourceTree</key>
			<string>&lt;group&gt;</string>
		</dict>
		<key>EF340196FA5F6E329C85FDB7</key>
		<dict>
			<key>includeInIndex</key>
			<string>1</string>
			<key>isa</key>
			<string>PBXFileReference</string>
			<key>lastKnownFileType</key>
			<string>text.xcconfig</string>
			<key>name</key>
			<string>Pods-81 - &#32593;&#26131;&#26032;&#38395;.release.xcconfig</string>
			<key>path</key>
			<string>Pods/Target Support Files/Pods-81 - &#32593;&#26131;&#26032;&#38395;/Pods-81 - &#32593;&#26131;&#26032;&#38395;.release.xcconfig</string>
			<key>sourceTree</key>
			<string>&lt;group&gt;</string>
		</dict>
		<key>F0DDDD02AEE0CDD79909EB55</key>
		<dict>
			<key>fileRef</key>
			<string>C490E2DCBBA02FA8C1896D59</string>
			<key>isa</key>
			<string>PBXBuildFile</string>
		</dict>
	</dict>
	<key>rootObject</key>
	<string>1D2A58FD1A700822001F9B8E</string>
</dict>
</plist>
